// !$*UTF8*$!
{
	archiveVersion = 1;
	classes = {
	};
	objectVersion = 77;
	objects = {

/* Begin PBXBuildFile section */
		033E0FC647E2C46FD7A7D3BD /* TorrentRow.swift in Sources */ = {isa = PBXBuildFile; fileRef = 4FEBF5AD0EC50C6AAA2E07EC /* TorrentRow.swift */; };
		043255875C47B30768049940 /* TKTracker.h in Headers */ = {isa = PBXBuildFile; fileRef = 32AD2EB118F595EE43CE14F6 /* TKTracker.h */; settings = {ATTRIBUTES = (Public, ); }; };
		0A04637FE592173ED8916B4B /* DownloadFolders.swift in Sources */ = {isa = PBXBuildFile; fileRef = 1295FAF618000F8D107DE019 /* DownloadFolders.swift */; };
		0DE2BE065B9BD75E2626EF05 /* RemoteBackend.swift in Sources */ = {isa = PBXBuildFile; fileRef = C623F0C9674AB9485BAECF5C /* RemoteBackend.swift */; };
		0E2F27C0CEBA24E48306FE2A /* Assets.xcassets in Resources */ = {isa = PBXBuildFile; fileRef = FD883AE13A5A8A747C74B687 /* Assets.xcassets */; };
		0E3027923771675FF1C26907 /* TKModels.mm in Sources */ = {isa = PBXBuildFile; fileRef = 2B0333A5E59D54E4F9047EB0 /* TKModels.mm */; };
		0FEA537BDA5A4AE627C3AC2D /* TKSessionSettings.h in Headers */ = {isa = PBXBuildFile; fileRef = 275D4962E264640C79F06F84 /* TKSessionSettings.h */; settings = {ATTRIBUTES = (Public, ); }; };
		12D4082F9842F8C8F3E9E439 /* AddTorrentViews.swift in Sources */ = {isa = PBXBuildFile; fileRef = A2657A4F65F3D239F26D59A4 /* AddTorrentViews.swift */; };
		1329ACE876639737E32E2C87 /* DownloadActivity.swift in Sources */ = {isa = PBXBuildFile; fileRef = 9B28642B35EB552613BF07A0 /* DownloadActivity.swift */; };
		14AA68F9F6BE721FDCD467A0 /* TKInternal.h in Headers */ = {isa = PBXBuildFile; fileRef = D10DFA8F14CA5FB3598CE66E /* TKInternal.h */; };
		1D34BCDEBD086AAA57251697 /* TesseraShare.appex in Embed Foundation Extensions */ = {isa = PBXBuildFile; fileRef = 58F346366CB8BEA746DB81D5 /* TesseraShare.appex */; settings = {ATTRIBUTES = (RemoveHeadersOnCopy, ); }; };
		1E4491507BB54A2C9AAB7353 /* DetailsSplit.swift in Sources */ = {isa = PBXBuildFile; fileRef = 4B34E53BC70FAD999064A8BA /* DetailsSplit.swift */; };
		1F72196406E95BA5C367AF1E /* TesseraKit.framework in Frameworks */ = {isa = PBXBuildFile; fileRef = 6259B6FCA67EE4829D9A93CB /* TesseraKit.framework */; };
		1F96949209973CC6ACD78957 /* PieceMapDemoView.swift in Sources */ = {isa = PBXBuildFile; fileRef = 0079889C62701DF846306926 /* PieceMapDemoView.swift */; };
		20F5546D437E1F6D4CC8F21D /* TKAddTorrentOptions.h in Headers */ = {isa = PBXBuildFile; fileRef = DC1FFAE59E425BDAC970CFF9 /* TKAddTorrentOptions.h */; settings = {ATTRIBUTES = (Public, ); }; };
		26BC3230D586288587B1B6C9 /* WidgetKit.framework in Frameworks */ = {isa = PBXBuildFile; fileRef = 0B484BBEB64BCD9A18DCA269 /* WidgetKit.framework */; };
		29E480EDD7C86CE7E3D76F38 /* RemoteServer.swift in Sources */ = {isa = PBXBuildFile; fileRef = 3808AC03419C9C06D5830C0A /* RemoteServer.swift */; };
		2BBD41C71545CEF18598BFA6 /* TKSessionSnapshot.h in Headers */ = {isa = PBXBuildFile; fileRef = ABDF5CB46CE3D6E8392BF1D3 /* TKSessionSnapshot.h */; settings = {ATTRIBUTES = (Public, ); }; };
		2C128122C88F4A10B5309947 /* PairedPeers.swift in Sources */ = {isa = PBXBuildFile; fileRef = 5464926D96B067F5F4FF111B /* PairedPeers.swift */; };
		2D2D5CADFF190257B9637A5F /* main.swift in Sources */ = {isa = PBXBuildFile; fileRef = EBA2771B9F5F486D2EB148CD /* main.swift */; };
		2DF5C17980E91D2F1A67F0E3 /* DownloadActivity.swift in Sources */ = {isa = PBXBuildFile; fileRef = 9B28642B35EB552613BF07A0 /* DownloadActivity.swift */; };
		2E06CBC83D266168EEE5B2EF /* TKPeer.h in Headers */ = {isa = PBXBuildFile; fileRef = 40E9C20497CBB7006A819A74 /* TKPeer.h */; settings = {ATTRIBUTES = (Public, ); }; };
		2E625A88CCD78614274CA6D1 /* RemoteSettings.swift in Sources */ = {isa = PBXBuildFile; fileRef = 583F3D7513324B8369A09F05 /* RemoteSettings.swift */; };
		2FE4E7619290B791AA620450 /* DownloadLiveActivity.swift in Sources */ = {isa = PBXBuildFile; fileRef = DDBDA5A76962C5A64021A1C4 /* DownloadLiveActivity.swift */; };
		30ADD35AAAEB6E323F367E68 /* Poll.swift in Sources */ = {isa = PBXBuildFile; fileRef = DD13720CC6525872DE61BF99 /* Poll.swift */; };
		31ABB975F57D1699297BF414 /* TorrentFixture.swift in Sources */ = {isa = PBXBuildFile; fileRef = 0CF0E48CD3F8F07068CDA030 /* TorrentFixture.swift */; };
		337B57D9AB3DA537E47D036B /* TorrentBackend.swift in Sources */ = {isa = PBXBuildFile; fileRef = 9F1CEB96292193A1BD600716 /* TorrentBackend.swift */; };
		35AFB72F3824DAB8CEF0F782 /* TesseraMacApp.swift in Sources */ = {isa = PBXBuildFile; fileRef = D05A2C81B05775E1EEF01851 /* TesseraMacApp.swift */; };
		3815978507170917F643C51D /* PairMacSheet.swift in Sources */ = {isa = PBXBuildFile; fileRef = 19E4F3F52C05E2075C8FBA0B /* PairMacSheet.swift */; };
		3A11413BDBD47FEB3AE69FD0 /* TKTorrentPreview.h in Headers */ = {isa = PBXBuildFile; fileRef = C8CAC726DE1A38EEB19A0BB4 /* TKTorrentPreview.h */; settings = {ATTRIBUTES = (Public, ); }; };
		3DE798773C0CB355F67AE3D5 /* TesseraKit.framework in Embed Frameworks */ = {isa = PBXBuildFile; fileRef = 6259B6FCA67EE4829D9A93CB /* TesseraKit.framework */; settings = {ATTRIBUTES = (CodeSignOnCopy, RemoveHeadersOnCopy, ); }; };
		4074C1AFC216BA4EB9010EC5 /* AppSettings.swift in Sources */ = {isa = PBXBuildFile; fileRef = 9ADB524F4A863931B28B48D3 /* AppSettings.swift */; };
		41629D75D18C9822BB84EF39 /* TesseraUI in Frameworks */ = {isa = PBXBuildFile; productRef = 674558E01FD0B906D9EB7E56 /* TesseraUI */; };
		43EA55FF230CC420D78E4468 /* IOSContentView.swift in Sources */ = {isa = PBXBuildFile; fileRef = 4BD534F790D010E3A8A8EC52 /* IOSContentView.swift */; };
		46D8A7ED426440F9185164CC /* TesseraKit.framework in Frameworks */ = {isa = PBXBuildFile; fileRef = 6259B6FCA67EE4829D9A93CB /* TesseraKit.framework */; };
		472BFE3E5626C23D488C0099 /* DownloadFolders.swift in Sources */ = {isa = PBXBuildFile; fileRef = 1295FAF618000F8D107DE019 /* DownloadFolders.swift */; };
		4A74BA8AE88DD8C97E250350 /* TesseraWidgets.appex in Embed Foundation Extensions */ = {isa = PBXBuildFile; fileRef = 8FF5FE896EC85DAFDCCBA4F5 /* TesseraWidgets.appex */; settings = {ATTRIBUTES = (RemoveHeadersOnCopy, ); }; };
		4BF54E83BFEBD7D9F8D4F15A /* TorrentStore.swift in Sources */ = {isa = PBXBuildFile; fileRef = 9780AA0E642EDA1326DCCC13 /* TorrentStore.swift */; };
		555ADAAE35DB7DB6177D1AF9 /* Inbox.swift in Sources */ = {isa = PBXBuildFile; fileRef = 55E5BFFA8687ACA57F542352 /* Inbox.swift */; };
		5691F8B577FD8F0C7945AEA3 /* TKInspection.mm in Sources */ = {isa = PBXBuildFile; fileRef = AC818F24125B637335750B12 /* TKInspection.mm */; };
		5E15DBB14F888680F5B6C1FD /* Inbox.swift in Sources */ = {isa = PBXBuildFile; fileRef = 55E5BFFA8687ACA57F542352 /* Inbox.swift */; };
		633419D7852820F603B313FC /* TorrentTable.swift in Sources */ = {isa = PBXBuildFile; fileRef = E444F5E732BCEC508EBB53B4 /* TorrentTable.swift */; };
		636D8997351C5FAE5D490CE2 /* TKBuildInfo.h in Headers */ = {isa = PBXBuildFile; fileRef = 5462117BEF2B71BB09505853 /* TKBuildInfo.h */; settings = {ATTRIBUTES = (Public, ); }; };
		63D213FD5F55BC24B1D0D4CF /* TKSession.mm in Sources */ = {isa = PBXBuildFile; fileRef = 19537C379E41C5BCD845196A /* TKSession.mm */; };
		63DA653487B2658A27C71F12 /* TKFileEntry.h in Headers */ = {isa = PBXBuildFile; fileRef = F1B720B85A79E05818B204D7 /* TKFileEntry.h */; settings = {ATTRIBUTES = (Public, ); }; };
		642C8DDEB23F0F8F02E73445 /* InspectorView.swift in Sources */ = {isa = PBXBuildFile; fileRef = 0D5E69DD6D7D5219B58A866B /* InspectorView.swift */; };
		6549A4FA539F0EFA7507BA28 /* TKPieceMap.h in Headers */ = {isa = PBXBuildFile; fileRef = 8B4902B9B1F47A7A587AAF02 /* TKPieceMap.h */; settings = {ATTRIBUTES = (Public, ); }; };
		6564C0371C395B122C831229 /* RemoteBackend.swift in Sources */ = {isa = PBXBuildFile; fileRef = C623F0C9674AB9485BAECF5C /* RemoteBackend.swift */; };
		68827FF29E4213BFAA74A899 /* TorrentSessionTests.swift in Sources */ = {isa = PBXBuildFile; fileRef = 060411B225FBEA8C9E19219B /* TorrentSessionTests.swift */; };
		69D2002EDD28B322C6A0B1C5 /* PieceMapFeed.swift in Sources */ = {isa = PBXBuildFile; fileRef = B4DAD986481CC1D69B23B379 /* PieceMapFeed.swift */; };
		6AE4580CBA3564BE5F835480 /* Poll.swift in Sources */ = {isa = PBXBuildFile; fileRef = DD13720CC6525872DE61BF99 /* Poll.swift */; };
		6E13BB64D7A5A82684E388C2 /* MenuBarContent.swift in Sources */ = {isa = PBXBuildFile; fileRef = 33B0D9AFD1FAFED18EAED42C /* MenuBarContent.swift */; };
		713CB305D57ADFAB6BE9AB2F /* PairedPeers.swift in Sources */ = {isa = PBXBuildFile; fileRef = 5464926D96B067F5F4FF111B /* PairedPeers.swift */; };
		765EAD48B9F5DB930ADCBAE8 /* Commands.swift in Sources */ = {isa = PBXBuildFile; fileRef = 09EDB5C3B188FE8292A1A547 /* Commands.swift */; };
		76B62D598282EDE3855B7D3B /* TesseraKit.framework in Embed Frameworks */ = {isa = PBXBuildFile; fileRef = 6259B6FCA67EE4829D9A93CB /* TesseraKit.framework */; settings = {ATTRIBUTES = (CodeSignOnCopy, RemoveHeadersOnCopy, ); }; };
		7BB96864A9D6BC0D5059F5DD /* TesseraUI in Frameworks */ = {isa = PBXBuildFile; productRef = 51B4F255B9311DEE5CDD572C /* TesseraUI */; };
		7BD382E62B677933E5C737A6 /* TesseraKit.framework in Frameworks */ = {isa = PBXBuildFile; fileRef = 6259B6FCA67EE4829D9A93CB /* TesseraKit.framework */; };
		7FBC718940EDB63289F6816E /* RemoteServer.swift in Sources */ = {isa = PBXBuildFile; fileRef = 3808AC03419C9C06D5830C0A /* RemoteServer.swift */; };
		80ADA3A3B166797A6B34E05E /* TesseraUI in Frameworks */ = {isa = PBXBuildFile; productRef = EE010281A86BE6003EB59AE5 /* TesseraUI */; };
		83317A302A248EC0E15025FD /* TesseraKit.framework in Embed Frameworks */ = {isa = PBXBuildFile; fileRef = 6259B6FCA67EE4829D9A93CB /* TesseraKit.framework */; settings = {ATTRIBUTES = (CodeSignOnCopy, RemoveHeadersOnCopy, ); }; };
		8712E589F627587522FD50D3 /* WireConnection.swift in Sources */ = {isa = PBXBuildFile; fileRef = 5122A19BE1D28519CAB65AE9 /* WireConnection.swift */; };
		88BD55EB473F659FE326FF17 /* Assets.xcassets in Resources */ = {isa = PBXBuildFile; fileRef = FD883AE13A5A8A747C74B687 /* Assets.xcassets */; };
		8B7EEF00862C6EF49456C836 /* RemoteServer.swift in Sources */ = {isa = PBXBuildFile; fileRef = 3808AC03419C9C06D5830C0A /* RemoteServer.swift */; };
		8D68653254A592C19A571B61 /* TKSession.h in Headers */ = {isa = PBXBuildFile; fileRef = E4BD87FBA928FAFBA97E2DDD /* TKSession.h */; settings = {ATTRIBUTES = (Public, ); }; };
		8EFAA0119D65234E0EB3EE82 /* Security.framework in Frameworks */ = {isa = PBXBuildFile; fileRef = EC38DABC8487B653910F9D79 /* Security.framework */; };
		9048145638D7F2B2EE26B5E9 /* TorrentRow.swift in Sources */ = {isa = PBXBuildFile; fileRef = 4FEBF5AD0EC50C6AAA2E07EC /* TorrentRow.swift */; };
		971A96644DEB682F94F614FA /* RemoteControlTests.swift in Sources */ = {isa = PBXBuildFile; fileRef = 93D7B91B6D2691E3C6972DB4 /* RemoteControlTests.swift */; };
		9A7D4B2D174982AF53CCEA80 /* TorrentDetailView.swift in Sources */ = {isa = PBXBuildFile; fileRef = 0E642CB90EC8263FFA27CE1E /* TorrentDetailView.swift */; };
		9E8C23D473DEDAFDBB9F654E /* TorrentSession+Streams.swift in Sources */ = {isa = PBXBuildFile; fileRef = 4B8F5F0D53D268E178A162E8 /* TorrentSession+Streams.swift */; };
		A2A79464F11327C5EC9B7487 /* TesseraKit.framework in Frameworks */ = {isa = PBXBuildFile; fileRef = 6259B6FCA67EE4829D9A93CB /* TesseraKit.framework */; };
		A49838C7ABBAD744A7E0FEC3 /* FileList.swift in Sources */ = {isa = PBXBuildFile; fileRef = 64E9AC364E4513E3C4319003 /* FileList.swift */; };
		A4C1AC6FBAAAF29734D618CC /* PieceMapDemoView.swift in Sources */ = {isa = PBXBuildFile; fileRef = 0079889C62701DF846306926 /* PieceMapDemoView.swift */; };
		A5593128366152EA99ECC7FC /* TorrentBackend.swift in Sources */ = {isa = PBXBuildFile; fileRef = 9F1CEB96292193A1BD600716 /* TorrentBackend.swift */; };
		AA99923F377B260C4802CD57 /* TKBuildInfo.mm in Sources */ = {isa = PBXBuildFile; fileRef = 9B92DD30684C78F8C840BB2E /* TKBuildInfo.mm */; };
		AB41F48F6C82569F2A941D23 /* FileList.swift in Sources */ = {isa = PBXBuildFile; fileRef = 64E9AC364E4513E3C4319003 /* FileList.swift */; };
		ACB8E8DE353D8A194047047F /* TKDefines.h in Headers */ = {isa = PBXBuildFile; fileRef = 9E9F8BBBD923BFBC6ADBBF28 /* TKDefines.h */; settings = {ATTRIBUTES = (Public, ); }; };
		AFDF42F0AD2A3A6BFA17A635 /* TesseraKit.framework in Embed Frameworks */ = {isa = PBXBuildFile; fileRef = 6259B6FCA67EE4829D9A93CB /* TesseraKit.framework */; settings = {ATTRIBUTES = (CodeSignOnCopy, RemoveHeadersOnCopy, ); }; };
		B4EE20C3BEDB0518D2E14919 /* TKTorrentDetails.h in Headers */ = {isa = PBXBuildFile; fileRef = EA783DFDB714372358B5D68A /* TKTorrentDetails.h */; settings = {ATTRIBUTES = (Public, ); }; };
		B663544E768EA31B2D9434E7 /* WireConnection.swift in Sources */ = {isa = PBXBuildFile; fileRef = 5122A19BE1D28519CAB65AE9 /* WireConnection.swift */; };
		BE68E68B11423D88BDADE90B /* TKJSONCoding.h in Headers */ = {isa = PBXBuildFile; fileRef = 530F2BF49B9944A0AD202CF2 /* TKJSONCoding.h */; settings = {ATTRIBUTES = (Public, ); }; };
		C5B9F4B4CE6693C04900ABA2 /* TesseraiOSApp.swift in Sources */ = {isa = PBXBuildFile; fileRef = BA8A00737C736C04DA588D9E /* TesseraiOSApp.swift */; };
		C777A982FDBAA0933917C368 /* TKJSONCoding.mm in Sources */ = {isa = PBXBuildFile; fileRef = EBADAA91432EB0ECC47DBC16 /* TKJSONCoding.mm */; };
		CB99095C263103C91BBAE29A /* SettingsView.swift in Sources */ = {isa = PBXBuildFile; fileRef = 0239888258BC7FEA8C0AE605 /* SettingsView.swift */; };
		CD984F0C741565FCB8875DFA /* TesseraKit.h in Headers */ = {isa = PBXBuildFile; fileRef = 509FFAA4240CBF0B3A3A2CC0 /* TesseraKit.h */; settings = {ATTRIBUTES = (Public, ); }; };
		CEEDA21BD9D42AED08E06FD1 /* AppSettings.swift in Sources */ = {isa = PBXBuildFile; fileRef = 9ADB524F4A863931B28B48D3 /* AppSettings.swift */; };
		CF0DA62DEC903F3A44BAE297 /* RemoteBackend.swift in Sources */ = {isa = PBXBuildFile; fileRef = C623F0C9674AB9485BAECF5C /* RemoteBackend.swift */; };
		D047585174CA623A1AA0FCEF /* TorrentFixture.swift in Sources */ = {isa = PBXBuildFile; fileRef = 0CF0E48CD3F8F07068CDA030 /* TorrentFixture.swift */; };
		D4803E76A080120388B8C311 /* IOSSettingsView.swift in Sources */ = {isa = PBXBuildFile; fileRef = DC930AA8FDCAD745B4FD1E97 /* IOSSettingsView.swift */; };
		D8B9051BDD8DE8556FB31796 /* libtorrent.xcframework in Frameworks */ = {isa = PBXBuildFile; fileRef = E5647DFC2C28A2A26DF6FA43 /* libtorrent.xcframework */; };
		D8C68E3455C9CD61F4560B2F /* SwiftUI.framework in Frameworks */ = {isa = PBXBuildFile; fileRef = A24C0D057D93C6DC7A1DB65C /* SwiftUI.framework */; };
		D927CF59769019BC0E7CF5D9 /* ShareViewController.swift in Sources */ = {isa = PBXBuildFile; fileRef = 748FDBE4283F8E9868DE1312 /* ShareViewController.swift */; };
		D92DF0CF2B8CC192D771AE75 /* IOSAddSheet.swift in Sources */ = {isa = PBXBuildFile; fileRef = 45D2684CD28063C7E7001FA9 /* IOSAddSheet.swift */; };
		D9E89BB41246D68269DBC0FE /* RemoteCrypto.swift in Sources */ = {isa = PBXBuildFile; fileRef = 959F1E97EEFD274569F6E611 /* RemoteCrypto.swift */; };
		DA6358EEA66586B0E60E6845 /* TKTorrentEvent.h in Headers */ = {isa = PBXBuildFile; fileRef = 8C091985554540140E935026 /* TKTorrentEvent.h */; settings = {ATTRIBUTES = (Public, ); }; };
		DCEEEE1B352B5803017FF259 /* WireConnection.swift in Sources */ = {isa = PBXBuildFile; fileRef = 5122A19BE1D28519CAB65AE9 /* WireConnection.swift */; };
		E12EA549CBBEE214793321F3 /* TorrentBackend.swift in Sources */ = {isa = PBXBuildFile; fileRef = 9F1CEB96292193A1BD600716 /* TorrentBackend.swift */; };
		E394F51407C24D52BD24B89E /* TorrentStore.swift in Sources */ = {isa = PBXBuildFile; fileRef = 9780AA0E642EDA1326DCCC13 /* TorrentStore.swift */; };
		E9234EBE7EBDCE107262EE58 /* TesseraKit.framework in Frameworks */ = {isa = PBXBuildFile; fileRef = 6259B6FCA67EE4829D9A93CB /* TesseraKit.framework */; };
		ECA017BA22CE2473D1544043 /* AddTorrentSheet.swift in Sources */ = {isa = PBXBuildFile; fileRef = 6818FA7ABB4E951717ECDD9A /* AddTorrentSheet.swift */; };
		ECED89759F1B1FBC7D864DB5 /* RemoteCrypto.swift in Sources */ = {isa = PBXBuildFile; fileRef = 959F1E97EEFD274569F6E611 /* RemoteCrypto.swift */; };
		EF77440227E1385C2AB38C12 /* Formatting.swift in Sources */ = {isa = PBXBuildFile; fileRef = DEC3F5D01AF03EA20EF235B0 /* Formatting.swift */; };
		F3F1AC88563DDC6FCCEC5E7D /* SystemConfiguration.framework in Frameworks */ = {isa = PBXBuildFile; fileRef = 2A1F7B687100BA63586448F6 /* SystemConfiguration.framework */; };
		F5366B646AB02BBDBC257736 /* MainWindow.swift in Sources */ = {isa = PBXBuildFile; fileRef = BBF8E581FB4531AEA6F334A9 /* MainWindow.swift */; };
		F5769D2C3DFAADDB1DB861F9 /* AddTorrentViews.swift in Sources */ = {isa = PBXBuildFile; fileRef = A2657A4F65F3D239F26D59A4 /* AddTorrentViews.swift */; };
		F5CE37E8A4D363C860C68BB4 /* LiveActivityController.swift in Sources */ = {isa = PBXBuildFile; fileRef = 51D68C7A79C5CB0E3B00CB6F /* LiveActivityController.swift */; };
		F8C0DB4C2BB1B0AB23DEB9FA /* PieceMapFeed.swift in Sources */ = {isa = PBXBuildFile; fileRef = B4DAD986481CC1D69B23B379 /* PieceMapFeed.swift */; };
		FCF41AF82641B129A6C8C64E /* DockProgress.swift in Sources */ = {isa = PBXBuildFile; fileRef = 6A0EEB14A76FD7E5108CF17C /* DockProgress.swift */; };
		FD1152F574537EC1009C8640 /* PairedPeers.swift in Sources */ = {isa = PBXBuildFile; fileRef = 5464926D96B067F5F4FF111B /* PairedPeers.swift */; };
		FF27A98B7DDA8A1738710E5A /* RemoteCrypto.swift in Sources */ = {isa = PBXBuildFile; fileRef = 959F1E97EEFD274569F6E611 /* RemoteCrypto.swift */; };
		FFA6EF0EB839DE63E7DEC49E /* Formatting.swift in Sources */ = {isa = PBXBuildFile; fileRef = DEC3F5D01AF03EA20EF235B0 /* Formatting.swift */; };
		FFD6848DFA3B44BF594E8443 /* TKTorrentStatus.h in Headers */ = {isa = PBXBuildFile; fileRef = FFB21AF0F850F2312BEE6AA1 /* TKTorrentStatus.h */; settings = {ATTRIBUTES = (Public, ); }; };
/* End PBXBuildFile section */

/* Begin PBXContainerItemProxy section */
		0611F87CD532D645AD8BE559 /* PBXContainerItemProxy */ = {
			isa = PBXContainerItemProxy;
			containerPortal = 333D216A6D8399D96BB6FDC7 /* Project object */;
			proxyType = 1;
			remoteGlobalIDString = 479A39AB4E4E96FDD7D3E5D0;
			remoteInfo = TesseraKit;
		};
		51C4E96E2124463EC0D5E6A7 /* PBXContainerItemProxy */ = {
			isa = PBXContainerItemProxy;
			containerPortal = 333D216A6D8399D96BB6FDC7 /* Project object */;
			proxyType = 1;
			remoteGlobalIDString = 479A39AB4E4E96FDD7D3E5D0;
			remoteInfo = TesseraKit;
		};
		5C8C23E76E2DB4117B8C10FB /* PBXContainerItemProxy */ = {
			isa = PBXContainerItemProxy;
			containerPortal = 333D216A6D8399D96BB6FDC7 /* Project object */;
			proxyType = 1;
			remoteGlobalIDString = 479A39AB4E4E96FDD7D3E5D0;
			remoteInfo = TesseraKit;
		};
		691542B241EBE7A1DD2D4890 /* PBXContainerItemProxy */ = {
			isa = PBXContainerItemProxy;
			containerPortal = 333D216A6D8399D96BB6FDC7 /* Project object */;
			proxyType = 1;
			remoteGlobalIDString = 4BE83877EC8A3901C54909D9;
			remoteInfo = TesseraWidgets;
		};
		6F050A43EF6915266BB32AB2 /* PBXContainerItemProxy */ = {
			isa = PBXContainerItemProxy;
			containerPortal = 333D216A6D8399D96BB6FDC7 /* Project object */;
			proxyType = 1;
			remoteGlobalIDString = 479A39AB4E4E96FDD7D3E5D0;
			remoteInfo = TesseraKit;
		};
		A01AF324C8FD2D39E1041C6D /* PBXContainerItemProxy */ = {
			isa = PBXContainerItemProxy;
			containerPortal = 333D216A6D8399D96BB6FDC7 /* Project object */;
			proxyType = 1;
			remoteGlobalIDString = 479A39AB4E4E96FDD7D3E5D0;
			remoteInfo = TesseraKit;
		};
		F702E0C0470BB67731517300 /* PBXContainerItemProxy */ = {
			isa = PBXContainerItemProxy;
			containerPortal = 333D216A6D8399D96BB6FDC7 /* Project object */;
			proxyType = 1;
			remoteGlobalIDString = 7766C5CBC7C09A733CB0245E;
			remoteInfo = TesseraShare;
		};
/* End PBXContainerItemProxy section */

/* Begin PBXCopyFilesBuildPhase section */
		2F73CD08257DD3124685F702 /* Embed Foundation Extensions */ = {
			isa = PBXCopyFilesBuildPhase;
			buildActionMask = 2147483647;
			dstPath = "";
			dstSubfolderSpec = 13;
			files = (
				1D34BCDEBD086AAA57251697 /* TesseraShare.appex in Embed Foundation Extensions */,
				4A74BA8AE88DD8C97E250350 /* TesseraWidgets.appex in Embed Foundation Extensions */,
			);
			name = "Embed Foundation Extensions";
			runOnlyForDeploymentPostprocessing = 0;
		};
		A97FDDCB436B0D9C60C42255 /* Embed Frameworks */ = {
			isa = PBXCopyFilesBuildPhase;
			buildActionMask = 2147483647;
			dstPath = "";
			dstSubfolderSpec = 10;
			files = (
				76B62D598282EDE3855B7D3B /* TesseraKit.framework in Embed Frameworks */,
			);
			name = "Embed Frameworks";
			runOnlyForDeploymentPostprocessing = 0;
		};
		D3260260E4C9717F85FB8A29 /* Embed Frameworks */ = {
			isa = PBXCopyFilesBuildPhase;
			buildActionMask = 2147483647;
			dstPath = "";
			dstSubfolderSpec = 10;
			files = (
				83317A302A248EC0E15025FD /* TesseraKit.framework in Embed Frameworks */,
			);
			name = "Embed Frameworks";
			runOnlyForDeploymentPostprocessing = 0;
		};
		EC3B2FAF37FB23D5C5E73979 /* Embed Frameworks */ = {
			isa = PBXCopyFilesBuildPhase;
			buildActionMask = 2147483647;
			dstPath = "";
			dstSubfolderSpec = 10;
			files = (
				3DE798773C0CB355F67AE3D5 /* TesseraKit.framework in Embed Frameworks */,
			);
			name = "Embed Frameworks";
			runOnlyForDeploymentPostprocessing = 0;
		};
		ECDCA777BB8BD145C390FC6E /* Embed Frameworks */ = {
			isa = PBXCopyFilesBuildPhase;
			buildActionMask = 2147483647;
			dstPath = "";
			dstSubfolderSpec = 10;
			files = (
				AFDF42F0AD2A3A6BFA17A635 /* TesseraKit.framework in Embed Frameworks */,
			);
			name = "Embed Frameworks";
			runOnlyForDeploymentPostprocessing = 0;
		};
/* End PBXCopyFilesBuildPhase section */

/* Begin PBXFileReference section */
		0079889C62701DF846306926 /* PieceMapDemoView.swift */ = {isa = PBXFileReference; lastKnownFileType = sourcecode.swift; path = PieceMapDemoView.swift; sourceTree = "<group>"; };
		0239888258BC7FEA8C0AE605 /* SettingsView.swift */ = {isa = PBXFileReference; lastKnownFileType = sourcecode.swift; path = SettingsView.swift; sourceTree = "<group>"; };
		060411B225FBEA8C9E19219B /* TorrentSessionTests.swift */ = {isa = PBXFileReference; lastKnownFileType = sourcecode.swift; path = TorrentSessionTests.swift; sourceTree = "<group>"; };
		09EDB5C3B188FE8292A1A547 /* Commands.swift */ = {isa = PBXFileReference; lastKnownFileType = sourcecode.swift; path = Commands.swift; sourceTree = "<group>"; };
		0B484BBEB64BCD9A18DCA269 /* WidgetKit.framework */ = {isa = PBXFileReference; lastKnownFileType = wrapper.framework; name = WidgetKit.framework; path = System/Library/Frameworks/WidgetKit.framework; sourceTree = SDKROOT; };
		0CF0E48CD3F8F07068CDA030 /* TorrentFixture.swift */ = {isa = PBXFileReference; lastKnownFileType = sourcecode.swift; path = TorrentFixture.swift; sourceTree = "<group>"; };
		0D5E69DD6D7D5219B58A866B /* InspectorView.swift */ = {isa = PBXFileReference; lastKnownFileType = sourcecode.swift; path = InspectorView.swift; sourceTree = "<group>"; };
		0E642CB90EC8263FFA27CE1E /* TorrentDetailView.swift */ = {isa = PBXFileReference; lastKnownFileType = sourcecode.swift; path = TorrentDetailView.swift; sourceTree = "<group>"; };
		0FD66258C5C49BBAABB6B9CD /* TesseraShare.entitlements */ = {isa = PBXFileReference; lastKnownFileType = text.plist.entitlements; path = TesseraShare.entitlements; sourceTree = "<group>"; };
		1295FAF618000F8D107DE019 /* DownloadFolders.swift */ = {isa = PBXFileReference; lastKnownFileType = sourcecode.swift; path = DownloadFolders.swift; sourceTree = "<group>"; };
		1718C2070AABD7904BBB9A2A /* Tessera.entitlements */ = {isa = PBXFileReference; lastKnownFileType = text.plist.entitlements; path = Tessera.entitlements; sourceTree = "<group>"; };
		19537C379E41C5BCD845196A /* TKSession.mm */ = {isa = PBXFileReference; lastKnownFileType = sourcecode.cpp.objcpp; path = TKSession.mm; sourceTree = "<group>"; };
		19E4F3F52C05E2075C8FBA0B /* PairMacSheet.swift */ = {isa = PBXFileReference; lastKnownFileType = sourcecode.swift; path = PairMacSheet.swift; sourceTree = "<group>"; };
		1C4AE1A4E0B88F49EC28E338 /* TesseraUI */ = {isa = PBXFileReference; lastKnownFileType = folder; name = TesseraUI; path = Packages/TesseraUI; sourceTree = SOURCE_ROOT; };
		1F0DC5ACC34B45B1E863EF6B /* Info.plist */ = {isa = PBXFileReference; lastKnownFileType = text.plist; path = Info.plist; sourceTree = "<group>"; };
		22679E4CD1DED0A8B3992D25 /* Info.plist */ = {isa = PBXFileReference; lastKnownFileType = text.plist; path = Info.plist; sourceTree = "<group>"; };
		275D4962E264640C79F06F84 /* TKSessionSettings.h */ = {isa = PBXFileReference; lastKnownFileType = sourcecode.c.h; path = TKSessionSettings.h; sourceTree = "<group>"; };
		2A1F7B687100BA63586448F6 /* SystemConfiguration.framework */ = {isa = PBXFileReference; lastKnownFileType = wrapper.framework; name = SystemConfiguration.framework; path = System/Library/Frameworks/SystemConfiguration.framework; sourceTree = SDKROOT; };
		2B0333A5E59D54E4F9047EB0 /* TKModels.mm */ = {isa = PBXFileReference; lastKnownFileType = sourcecode.cpp.objcpp; path = TKModels.mm; sourceTree = "<group>"; };
		32AD2EB118F595EE43CE14F6 /* TKTracker.h */ = {isa = PBXFileReference; lastKnownFileType = sourcecode.c.h; path = TKTracker.h; sourceTree = "<group>"; };
		33B0D9AFD1FAFED18EAED42C /* MenuBarContent.swift */ = {isa = PBXFileReference; lastKnownFileType = sourcecode.swift; path = MenuBarContent.swift; sourceTree = "<group>"; };
		3808AC03419C9C06D5830C0A /* RemoteServer.swift */ = {isa = PBXFileReference; lastKnownFileType = sourcecode.swift; path = RemoteServer.swift; sourceTree = "<group>"; };
		40E9C20497CBB7006A819A74 /* TKPeer.h */ = {isa = PBXFileReference; lastKnownFileType = sourcecode.c.h; path = TKPeer.h; sourceTree = "<group>"; };
		45D2684CD28063C7E7001FA9 /* IOSAddSheet.swift */ = {isa = PBXFileReference; lastKnownFileType = sourcecode.swift; path = IOSAddSheet.swift; sourceTree = "<group>"; };
		4B34E53BC70FAD999064A8BA /* DetailsSplit.swift */ = {isa = PBXFileReference; lastKnownFileType = sourcecode.swift; path = DetailsSplit.swift; sourceTree = "<group>"; };
		4B8F5F0D53D268E178A162E8 /* TorrentSession+Streams.swift */ = {isa = PBXFileReference; lastKnownFileType = sourcecode.swift; path = "TorrentSession+Streams.swift"; sourceTree = "<group>"; };
		4BD534F790D010E3A8A8EC52 /* IOSContentView.swift */ = {isa = PBXFileReference; lastKnownFileType = sourcecode.swift; path = IOSContentView.swift; sourceTree = "<group>"; };
		4FEBF5AD0EC50C6AAA2E07EC /* TorrentRow.swift */ = {isa = PBXFileReference; lastKnownFileType = sourcecode.swift; path = TorrentRow.swift; sourceTree = "<group>"; };
		509FFAA4240CBF0B3A3A2CC0 /* TesseraKit.h */ = {isa = PBXFileReference; lastKnownFileType = sourcecode.c.h; path = TesseraKit.h; sourceTree = "<group>"; };
		5122A19BE1D28519CAB65AE9 /* WireConnection.swift */ = {isa = PBXFileReference; lastKnownFileType = sourcecode.swift; path = WireConnection.swift; sourceTree = "<group>"; };
		51D68C7A79C5CB0E3B00CB6F /* LiveActivityController.swift */ = {isa = PBXFileReference; lastKnownFileType = sourcecode.swift; path = LiveActivityController.swift; sourceTree = "<group>"; };
		530F2BF49B9944A0AD202CF2 /* TKJSONCoding.h */ = {isa = PBXFileReference; lastKnownFileType = sourcecode.c.h; path = TKJSONCoding.h; sourceTree = "<group>"; };
		5462117BEF2B71BB09505853 /* TKBuildInfo.h */ = {isa = PBXFileReference; lastKnownFileType = sourcecode.c.h; path = TKBuildInfo.h; sourceTree = "<group>"; };
		5464926D96B067F5F4FF111B /* PairedPeers.swift */ = {isa = PBXFileReference; lastKnownFileType = sourcecode.swift; path = PairedPeers.swift; sourceTree = "<group>"; };
		55E5BFFA8687ACA57F542352 /* Inbox.swift */ = {isa = PBXFileReference; lastKnownFileType = sourcecode.swift; path = Inbox.swift; sourceTree = "<group>"; };
		5700BC5E4ED2C5930C90CBA0 /* Info.plist */ = {isa = PBXFileReference; lastKnownFileType = text.plist; path = Info.plist; sourceTree = "<group>"; };
		583F3D7513324B8369A09F05 /* RemoteSettings.swift */ = {isa = PBXFileReference; lastKnownFileType = sourcecode.swift; path = RemoteSettings.swift; sourceTree = "<group>"; };
		58F346366CB8BEA746DB81D5 /* TesseraShare.appex */ = {isa = PBXFileReference; includeInIndex = 0; lastKnownFileType = "wrapper.app-extension"; path = TesseraShare.appex; sourceTree = BUILT_PRODUCTS_DIR; };
		6259B6FCA67EE4829D9A93CB /* TesseraKit.framework */ = {isa = PBXFileReference; explicitFileType = wrapper.framework; includeInIndex = 0; path = TesseraKit.framework; sourceTree = BUILT_PRODUCTS_DIR; };
		64E9AC364E4513E3C4319003 /* FileList.swift */ = {isa = PBXFileReference; lastKnownFileType = sourcecode.swift; path = FileList.swift; sourceTree = "<group>"; };
		6818FA7ABB4E951717ECDD9A /* AddTorrentSheet.swift */ = {isa = PBXFileReference; lastKnownFileType = sourcecode.swift; path = AddTorrentSheet.swift; sourceTree = "<group>"; };
		6A0EEB14A76FD7E5108CF17C /* DockProgress.swift */ = {isa = PBXFileReference; lastKnownFileType = sourcecode.swift; path = DockProgress.swift; sourceTree = "<group>"; };
		70ED031D88E9710C76602000 /* Tessera-iOS.app */ = {isa = PBXFileReference; includeInIndex = 0; lastKnownFileType = wrapper.application; path = "Tessera-iOS.app"; sourceTree = BUILT_PRODUCTS_DIR; };
		748FDBE4283F8E9868DE1312 /* ShareViewController.swift */ = {isa = PBXFileReference; lastKnownFileType = sourcecode.swift; path = ShareViewController.swift; sourceTree = "<group>"; };
		8319729F1514CBBF5691EA60 /* RemoteTests.xctest */ = {isa = PBXFileReference; explicitFileType = wrapper.cfbundle; includeInIndex = 0; path = RemoteTests.xctest; sourceTree = BUILT_PRODUCTS_DIR; };
		8B4902B9B1F47A7A587AAF02 /* TKPieceMap.h */ = {isa = PBXFileReference; lastKnownFileType = sourcecode.c.h; path = TKPieceMap.h; sourceTree = "<group>"; };
		8C091985554540140E935026 /* TKTorrentEvent.h */ = {isa = PBXFileReference; lastKnownFileType = sourcecode.c.h; path = TKTorrentEvent.h; sourceTree = "<group>"; };
		8DEBD8300070B01B2F3910AF /* TesseraKitTests.xctest */ = {isa = PBXFileReference; explicitFileType = wrapper.cfbundle; includeInIndex = 0; path = TesseraKitTests.xctest; sourceTree = BUILT_PRODUCTS_DIR; };
		8FF5FE896EC85DAFDCCBA4F5 /* TesseraWidgets.appex */ = {isa = PBXFileReference; includeInIndex = 0; lastKnownFileType = "wrapper.app-extension"; path = TesseraWidgets.appex; sourceTree = BUILT_PRODUCTS_DIR; };
		93D7B91B6D2691E3C6972DB4 /* RemoteControlTests.swift */ = {isa = PBXFileReference; lastKnownFileType = sourcecode.swift; path = RemoteControlTests.swift; sourceTree = "<group>"; };
		959F1E97EEFD274569F6E611 /* RemoteCrypto.swift */ = {isa = PBXFileReference; lastKnownFileType = sourcecode.swift; path = RemoteCrypto.swift; sourceTree = "<group>"; };
		9780AA0E642EDA1326DCCC13 /* TorrentStore.swift */ = {isa = PBXFileReference; lastKnownFileType = sourcecode.swift; path = TorrentStore.swift; sourceTree = "<group>"; };
		9ADB524F4A863931B28B48D3 /* AppSettings.swift */ = {isa = PBXFileReference; lastKnownFileType = sourcecode.swift; path = AppSettings.swift; sourceTree = "<group>"; };
		9B28642B35EB552613BF07A0 /* DownloadActivity.swift */ = {isa = PBXFileReference; lastKnownFileType = sourcecode.swift; path = DownloadActivity.swift; sourceTree = "<group>"; };
		9B92DD30684C78F8C840BB2E /* TKBuildInfo.mm */ = {isa = PBXFileReference; lastKnownFileType = sourcecode.cpp.objcpp; path = TKBuildInfo.mm; sourceTree = "<group>"; };
		9E9F8BBBD923BFBC6ADBBF28 /* TKDefines.h */ = {isa = PBXFileReference; lastKnownFileType = sourcecode.c.h; path = TKDefines.h; sourceTree = "<group>"; };
		9F1CEB96292193A1BD600716 /* TorrentBackend.swift */ = {isa = PBXFileReference; lastKnownFileType = sourcecode.swift; path = TorrentBackend.swift; sourceTree = "<group>"; };
		9F5E45E79492FB0F587665A4 /* libtorrent.xcconfig */ = {isa = PBXFileReference; lastKnownFileType = text.xcconfig; path = libtorrent.xcconfig; sourceTree = "<group>"; };
		A24C0D057D93C6DC7A1DB65C /* SwiftUI.framework */ = {isa = PBXFileReference; lastKnownFileType = wrapper.framework; name = SwiftUI.framework; path = System/Library/Frameworks/SwiftUI.framework; sourceTree = SDKROOT; };
		A2657A4F65F3D239F26D59A4 /* AddTorrentViews.swift */ = {isa = PBXFileReference; lastKnownFileType = sourcecode.swift; path = AddTorrentViews.swift; sourceTree = "<group>"; };
		ABDF5CB46CE3D6E8392BF1D3 /* TKSessionSnapshot.h */ = {isa = PBXFileReference; lastKnownFileType = sourcecode.c.h; path = TKSessionSnapshot.h; sourceTree = "<group>"; };
		AC818F24125B637335750B12 /* TKInspection.mm */ = {isa = PBXFileReference; lastKnownFileType = sourcecode.cpp.objcpp; path = TKInspection.mm; sourceTree = "<group>"; };
		B4DAD986481CC1D69B23B379 /* PieceMapFeed.swift */ = {isa = PBXFileReference; lastKnownFileType = sourcecode.swift; path = PieceMapFeed.swift; sourceTree = "<group>"; };
		B7DE8E7075F7C606961E5BF3 /* Info.plist */ = {isa = PBXFileReference; lastKnownFileType = text.plist; path = Info.plist; sourceTree = "<group>"; };
		B9DEF89A1F665F569FF2FDEE /* tesseractl */ = {isa = PBXFileReference; includeInIndex = 0; path = tesseractl; sourceTree = BUILT_PRODUCTS_DIR; };
		BA8A00737C736C04DA588D9E /* TesseraiOSApp.swift */ = {isa = PBXFileReference; lastKnownFileType = sourcecode.swift; path = TesseraiOSApp.swift; sourceTree = "<group>"; };
		BBF8E581FB4531AEA6F334A9 /* MainWindow.swift */ = {isa = PBXFileReference; lastKnownFileType = sourcecode.swift; path = MainWindow.swift; sourceTree = "<group>"; };
		BC340D950907F5E44E58BB56 /* Tessera-macOS.app */ = {isa = PBXFileReference; explicitFileType = wrapper.application; includeInIndex = 0; path = "Tessera-macOS.app"; sourceTree = BUILT_PRODUCTS_DIR; };
		C623F0C9674AB9485BAECF5C /* RemoteBackend.swift */ = {isa = PBXFileReference; lastKnownFileType = sourcecode.swift; path = RemoteBackend.swift; sourceTree = "<group>"; };
		C8CAC726DE1A38EEB19A0BB4 /* TKTorrentPreview.h */ = {isa = PBXFileReference; lastKnownFileType = sourcecode.c.h; path = TKTorrentPreview.h; sourceTree = "<group>"; };
		D05A2C81B05775E1EEF01851 /* TesseraMacApp.swift */ = {isa = PBXFileReference; lastKnownFileType = sourcecode.swift; path = TesseraMacApp.swift; sourceTree = "<group>"; };
		D10DFA8F14CA5FB3598CE66E /* TKInternal.h */ = {isa = PBXFileReference; lastKnownFileType = sourcecode.c.h; path = TKInternal.h; sourceTree = "<group>"; };
		DC1FFAE59E425BDAC970CFF9 /* TKAddTorrentOptions.h */ = {isa = PBXFileReference; lastKnownFileType = sourcecode.c.h; path = TKAddTorrentOptions.h; sourceTree = "<group>"; };
		DC930AA8FDCAD745B4FD1E97 /* IOSSettingsView.swift */ = {isa = PBXFileReference; lastKnownFileType = sourcecode.swift; path = IOSSettingsView.swift; sourceTree = "<group>"; };
		DD13720CC6525872DE61BF99 /* Poll.swift */ = {isa = PBXFileReference; lastKnownFileType = sourcecode.swift; path = Poll.swift; sourceTree = "<group>"; };
		DDBDA5A76962C5A64021A1C4 /* DownloadLiveActivity.swift */ = {isa = PBXFileReference; lastKnownFileType = sourcecode.swift; path = DownloadLiveActivity.swift; sourceTree = "<group>"; };
		DEC3F5D01AF03EA20EF235B0 /* Formatting.swift */ = {isa = PBXFileReference; lastKnownFileType = sourcecode.swift; path = Formatting.swift; sourceTree = "<group>"; };
		E444F5E732BCEC508EBB53B4 /* TorrentTable.swift */ = {isa = PBXFileReference; lastKnownFileType = sourcecode.swift; path = TorrentTable.swift; sourceTree = "<group>"; };
		E4BD87FBA928FAFBA97E2DDD /* TKSession.h */ = {isa = PBXFileReference; lastKnownFileType = sourcecode.c.h; path = TKSession.h; sourceTree = "<group>"; };
		E5647DFC2C28A2A26DF6FA43 /* libtorrent.xcframework */ = {isa = PBXFileReference; lastKnownFileType = wrapper.xcframework; name = libtorrent.xcframework; path = Vendor/libtorrent.xcframework; sourceTree = "<group>"; };
		E9C6F1EE96590AEF03333D23 /* Tessera.entitlements */ = {isa = PBXFileReference; lastKnownFileType = text.plist.entitlements; path = Tessera.entitlements; sourceTree = "<group>"; };
		EA783DFDB714372358B5D68A /* TKTorrentDetails.h */ = {isa = PBXFileReference; lastKnownFileType = sourcecode.c.h; path = TKTorrentDetails.h; sourceTree = "<group>"; };
		EBA2771B9F5F486D2EB148CD /* main.swift */ = {isa = PBXFileReference; lastKnownFileType = sourcecode.swift; path = main.swift; sourceTree = "<group>"; };
		EBADAA91432EB0ECC47DBC16 /* TKJSONCoding.mm */ = {isa = PBXFileReference; lastKnownFileType = sourcecode.cpp.objcpp; path = TKJSONCoding.mm; sourceTree = "<group>"; };
		EC38DABC8487B653910F9D79 /* Security.framework */ = {isa = PBXFileReference; lastKnownFileType = wrapper.framework; name = Security.framework; path = System/Library/Frameworks/Security.framework; sourceTree = SDKROOT; };
		F1B720B85A79E05818B204D7 /* TKFileEntry.h */ = {isa = PBXFileReference; lastKnownFileType = sourcecode.c.h; path = TKFileEntry.h; sourceTree = "<group>"; };
		FD883AE13A5A8A747C74B687 /* Assets.xcassets */ = {isa = PBXFileReference; lastKnownFileType = folder.assetcatalog; path = Assets.xcassets; sourceTree = "<group>"; };
		FFB21AF0F850F2312BEE6AA1 /* TKTorrentStatus.h */ = {isa = PBXFileReference; lastKnownFileType = sourcecode.c.h; path = TKTorrentStatus.h; sourceTree = "<group>"; };
/* End PBXFileReference section */

/* Begin PBXFrameworksBuildPhase section */
		3DE03631A769C04F1A98AC1F /* Frameworks */ = {
			isa = PBXFrameworksBuildPhase;
			buildActionMask = 2147483647;
			files = (
				1F72196406E95BA5C367AF1E /* TesseraKit.framework in Frameworks */,
			);
			runOnlyForDeploymentPostprocessing = 0;
		};
		652B293955DDE272C5DAC4F5 /* Frameworks */ = {
			isa = PBXFrameworksBuildPhase;
			buildActionMask = 2147483647;
			files = (
				D8B9051BDD8DE8556FB31796 /* libtorrent.xcframework in Frameworks */,
				F3F1AC88563DDC6FCCEC5E7D /* SystemConfiguration.framework in Frameworks */,
				8EFAA0119D65234E0EB3EE82 /* Security.framework in Frameworks */,
			);
			runOnlyForDeploymentPostprocessing = 0;
		};
		7BA8C9D969154803C93F461F /* Frameworks */ = {
			isa = PBXFrameworksBuildPhase;
			buildActionMask = 2147483647;
			files = (
				46D8A7ED426440F9185164CC /* TesseraKit.framework in Frameworks */,
			);
			runOnlyForDeploymentPostprocessing = 0;
		};
		B55BA6E7B5A1061516C5C84F /* Frameworks */ = {
			isa = PBXFrameworksBuildPhase;
			buildActionMask = 2147483647;
			files = (
				E9234EBE7EBDCE107262EE58 /* TesseraKit.framework in Frameworks */,
				80ADA3A3B166797A6B34E05E /* TesseraUI in Frameworks */,
			);
			runOnlyForDeploymentPostprocessing = 0;
		};
		CA22664E3A4D61244B9AB80A /* Frameworks */ = {
			isa = PBXFrameworksBuildPhase;
			buildActionMask = 2147483647;
			files = (
				A2A79464F11327C5EC9B7487 /* TesseraKit.framework in Frameworks */,
				41629D75D18C9822BB84EF39 /* TesseraUI in Frameworks */,
			);
			runOnlyForDeploymentPostprocessing = 0;
		};
		CB81920CE17A092949EF3D3E /* Frameworks */ = {
			isa = PBXFrameworksBuildPhase;
			buildActionMask = 2147483647;
			files = (
				26BC3230D586288587B1B6C9 /* WidgetKit.framework in Frameworks */,
				D8C68E3455C9CD61F4560B2F /* SwiftUI.framework in Frameworks */,
			);
			runOnlyForDeploymentPostprocessing = 0;
		};
		D85015E2FE23A8A1B295D016 /* Frameworks */ = {
			isa = PBXFrameworksBuildPhase;
			buildActionMask = 2147483647;
			files = (
				7BD382E62B677933E5C737A6 /* TesseraKit.framework in Frameworks */,
				7BB96864A9D6BC0D5059F5DD /* TesseraUI in Frameworks */,
			);
			runOnlyForDeploymentPostprocessing = 0;
		};
/* End PBXFrameworksBuildPhase section */

/* Begin PBXGroup section */
		023E3656316AE8786761D674 /* macOS */ = {
			isa = PBXGroup;
			children = (
				6818FA7ABB4E951717ECDD9A /* AddTorrentSheet.swift */,
				09EDB5C3B188FE8292A1A547 /* Commands.swift */,
				4B34E53BC70FAD999064A8BA /* DetailsSplit.swift */,
				6A0EEB14A76FD7E5108CF17C /* DockProgress.swift */,
				1F0DC5ACC34B45B1E863EF6B /* Info.plist */,
				0D5E69DD6D7D5219B58A866B /* InspectorView.swift */,
				BBF8E581FB4531AEA6F334A9 /* MainWindow.swift */,
				33B0D9AFD1FAFED18EAED42C /* MenuBarContent.swift */,
				583F3D7513324B8369A09F05 /* RemoteSettings.swift */,
				0239888258BC7FEA8C0AE605 /* SettingsView.swift */,
				1718C2070AABD7904BBB9A2A /* Tessera.entitlements */,
				D05A2C81B05775E1EEF01851 /* TesseraMacApp.swift */,
				E444F5E732BCEC508EBB53B4 /* TorrentTable.swift */,
			);
			path = macOS;
			sourceTree = "<group>";
		};
		08DB1E153CD3F8D162F640AB /* TesseraKitTests */ = {
			isa = PBXGroup;
			children = (
				0CF0E48CD3F8F07068CDA030 /* TorrentFixture.swift */,
				060411B225FBEA8C9E19219B /* TorrentSessionTests.swift */,
			);
			path = TesseraKitTests;
			sourceTree = "<group>";
		};
		1AB5E334D754D758880633B4 /* Extensions */ = {
			isa = PBXGroup;
			children = (
				B70533B820C3B5D14C41AE9C /* Share */,
				CCF04CD634B8BC98956F7C03 /* Widgets */,
			);
			path = Extensions;
			sourceTree = "<group>";
		};
		1BC9CEF586546BD353A12B2E /* Shared */ = {
			isa = PBXGroup;
			children = (
				A2657A4F65F3D239F26D59A4 /* AddTorrentViews.swift */,
				9ADB524F4A863931B28B48D3 /* AppSettings.swift */,
				FD883AE13A5A8A747C74B687 /* Assets.xcassets */,
				1295FAF618000F8D107DE019 /* DownloadFolders.swift */,
				64E9AC364E4513E3C4319003 /* FileList.swift */,
				DEC3F5D01AF03EA20EF235B0 /* Formatting.swift */,
				0079889C62701DF846306926 /* PieceMapDemoView.swift */,
				B4DAD986481CC1D69B23B379 /* PieceMapFeed.swift */,
				DD13720CC6525872DE61BF99 /* Poll.swift */,
				9F1CEB96292193A1BD600716 /* TorrentBackend.swift */,
				4FEBF5AD0EC50C6AAA2E07EC /* TorrentRow.swift */,
				9780AA0E642EDA1326DCCC13 /* TorrentStore.swift */,
				920507C72D96DDF088251722 /* Remote */,
			);
			path = Shared;
			sourceTree = "<group>";
		};
		217250D3ACA3883ABE29888E /* iOS */ = {
			isa = PBXGroup;
			children = (
				B7DE8E7075F7C606961E5BF3 /* Info.plist */,
				45D2684CD28063C7E7001FA9 /* IOSAddSheet.swift */,
				4BD534F790D010E3A8A8EC52 /* IOSContentView.swift */,
				DC930AA8FDCAD745B4FD1E97 /* IOSSettingsView.swift */,
				51D68C7A79C5CB0E3B00CB6F /* LiveActivityController.swift */,
				19E4F3F52C05E2075C8FBA0B /* PairMacSheet.swift */,
				E9C6F1EE96590AEF03333D23 /* Tessera.entitlements */,
				BA8A00737C736C04DA588D9E /* TesseraiOSApp.swift */,
				0E642CB90EC8263FFA27CE1E /* TorrentDetailView.swift */,
			);
			path = iOS;
			sourceTree = "<group>";
		};
		27770635A3A44404BD5C793A /* Tools */ = {
			isa = PBXGroup;
			children = (
				C4473009C793DFA278AE7DDE /* tesseractl */,
			);
			path = Tools;
			sourceTree = "<group>";
		};
		32E113499AC23C1E956AD100 /* TesseraKit */ = {
			isa = PBXGroup;
			children = (
				CCADCB9616B60FB5FE98C9D5 /* include */,
				FB52E197AD607538172BBC63 /* Sources */,
			);
			path = TesseraKit;
			sourceTree = "<group>";
		};
		7A38C829B213EFE9BA5767A9 /* Apps */ = {
			isa = PBXGroup;
			children = (
				217250D3ACA3883ABE29888E /* iOS */,
				023E3656316AE8786761D674 /* macOS */,
			);
			path = Apps;
			sourceTree = "<group>";
		};
		7CA4AF27E4E0E2E09B717289 /* Products */ = {
			isa = PBXGroup;
			children = (
				8319729F1514CBBF5691EA60 /* RemoteTests.xctest */,
				70ED031D88E9710C76602000 /* Tessera-iOS.app */,
				BC340D950907F5E44E58BB56 /* Tessera-macOS.app */,
				B9DEF89A1F665F569FF2FDEE /* tesseractl */,
				6259B6FCA67EE4829D9A93CB /* TesseraKit.framework */,
				8DEBD8300070B01B2F3910AF /* TesseraKitTests.xctest */,
				58F346366CB8BEA746DB81D5 /* TesseraShare.appex */,
				8FF5FE896EC85DAFDCCBA4F5 /* TesseraWidgets.appex */,
			);
			name = Products;
			sourceTree = "<group>";
		};
		8C4E5698364A45233E25C3DE /* TesseraKit */ = {
			isa = PBXGroup;
			children = (
				509FFAA4240CBF0B3A3A2CC0 /* TesseraKit.h */,
				DC1FFAE59E425BDAC970CFF9 /* TKAddTorrentOptions.h */,
				5462117BEF2B71BB09505853 /* TKBuildInfo.h */,
				9E9F8BBBD923BFBC6ADBBF28 /* TKDefines.h */,
				F1B720B85A79E05818B204D7 /* TKFileEntry.h */,
				530F2BF49B9944A0AD202CF2 /* TKJSONCoding.h */,
				40E9C20497CBB7006A819A74 /* TKPeer.h */,
				8B4902B9B1F47A7A587AAF02 /* TKPieceMap.h */,
				E4BD87FBA928FAFBA97E2DDD /* TKSession.h */,
				275D4962E264640C79F06F84 /* TKSessionSettings.h */,
				ABDF5CB46CE3D6E8392BF1D3 /* TKSessionSnapshot.h */,
				EA783DFDB714372358B5D68A /* TKTorrentDetails.h */,
				8C091985554540140E935026 /* TKTorrentEvent.h */,
				C8CAC726DE1A38EEB19A0BB4 /* TKTorrentPreview.h */,
				FFB21AF0F850F2312BEE6AA1 /* TKTorrentStatus.h */,
				32AD2EB118F595EE43CE14F6 /* TKTracker.h */,
			);
			path = TesseraKit;
			sourceTree = "<group>";
		};
		920507C72D96DDF088251722 /* Remote */ = {
			isa = PBXGroup;
			children = (
				5464926D96B067F5F4FF111B /* PairedPeers.swift */,
				C623F0C9674AB9485BAECF5C /* RemoteBackend.swift */,
				959F1E97EEFD274569F6E611 /* RemoteCrypto.swift */,
				3808AC03419C9C06D5830C0A /* RemoteServer.swift */,
				5122A19BE1D28519CAB65AE9 /* WireConnection.swift */,
			);
			path = Remote;
			sourceTree = "<group>";
		};
		95489C8263409FD42F41BBB2 /* RemoteTests */ = {
			isa = PBXGroup;
			children = (
				93D7B91B6D2691E3C6972DB4 /* RemoteControlTests.swift */,
			);
			path = RemoteTests;
			sourceTree = "<group>";
		};
		A722332B58F7EA10E8178269 = {
			isa = PBXGroup;
			children = (
				7A38C829B213EFE9BA5767A9 /* Apps */,
				1AB5E334D754D758880633B4 /* Extensions */,
				E55A0795674199BF1CE5EC02 /* Packages */,
				95489C8263409FD42F41BBB2 /* RemoteTests */,
				1BC9CEF586546BD353A12B2E /* Shared */,
				E03F1EF15B4E88E526F4CE3A /* SharedIOS */,
				32E113499AC23C1E956AD100 /* TesseraKit */,
				08DB1E153CD3F8D162F640AB /* TesseraKitTests */,
				27770635A3A44404BD5C793A /* Tools */,
				DA01C80C33F5768031FFA1FB /* Vendor */,
				CEEB93A1D26EFE1917E539A6 /* Frameworks */,
				7CA4AF27E4E0E2E09B717289 /* Products */,
			);
			sourceTree = "<group>";
		};
		B70533B820C3B5D14C41AE9C /* Share */ = {
			isa = PBXGroup;
			children = (
				5700BC5E4ED2C5930C90CBA0 /* Info.plist */,
				748FDBE4283F8E9868DE1312 /* ShareViewController.swift */,
				0FD66258C5C49BBAABB6B9CD /* TesseraShare.entitlements */,
			);
			path = Share;
			sourceTree = "<group>";
		};
		C4473009C793DFA278AE7DDE /* tesseractl */ = {
			isa = PBXGroup;
			children = (
				EBA2771B9F5F486D2EB148CD /* main.swift */,
			);
			path = tesseractl;
			sourceTree = "<group>";
		};
		CCADCB9616B60FB5FE98C9D5 /* include */ = {
			isa = PBXGroup;
			children = (
				8C4E5698364A45233E25C3DE /* TesseraKit */,
			);
			path = include;
			sourceTree = "<group>";
		};
		CCF04CD634B8BC98956F7C03 /* Widgets */ = {
			isa = PBXGroup;
			children = (
				DDBDA5A76962C5A64021A1C4 /* DownloadLiveActivity.swift */,
				22679E4CD1DED0A8B3992D25 /* Info.plist */,
			);
			path = Widgets;
			sourceTree = "<group>";
		};
		CEEB93A1D26EFE1917E539A6 /* Frameworks */ = {
			isa = PBXGroup;
			children = (
				E5647DFC2C28A2A26DF6FA43 /* libtorrent.xcframework */,
				EC38DABC8487B653910F9D79 /* Security.framework */,
				A24C0D057D93C6DC7A1DB65C /* SwiftUI.framework */,
				2A1F7B687100BA63586448F6 /* SystemConfiguration.framework */,
				0B484BBEB64BCD9A18DCA269 /* WidgetKit.framework */,
			);
			name = Frameworks;
			sourceTree = "<group>";
		};
		DA01C80C33F5768031FFA1FB /* Vendor */ = {
			isa = PBXGroup;
			children = (
				9F5E45E79492FB0F587665A4 /* libtorrent.xcconfig */,
			);
			path = Vendor;
			sourceTree = "<group>";
		};
		E03F1EF15B4E88E526F4CE3A /* SharedIOS */ = {
			isa = PBXGroup;
			children = (
				9B28642B35EB552613BF07A0 /* DownloadActivity.swift */,
				55E5BFFA8687ACA57F542352 /* Inbox.swift */,
			);
			path = SharedIOS;
			sourceTree = "<group>";
		};
		E55A0795674199BF1CE5EC02 /* Packages */ = {
			isa = PBXGroup;
			children = (
				1C4AE1A4E0B88F49EC28E338 /* TesseraUI */,
			);
			path = Packages;
			sourceTree = "<group>";
		};
		FB52E197AD607538172BBC63 /* Sources */ = {
			isa = PBXGroup;
			children = (
				9B92DD30684C78F8C840BB2E /* TKBuildInfo.mm */,
				AC818F24125B637335750B12 /* TKInspection.mm */,
				D10DFA8F14CA5FB3598CE66E /* TKInternal.h */,
				EBADAA91432EB0ECC47DBC16 /* TKJSONCoding.mm */,
				2B0333A5E59D54E4F9047EB0 /* TKModels.mm */,
				19537C379E41C5BCD845196A /* TKSession.mm */,
				4B8F5F0D53D268E178A162E8 /* TorrentSession+Streams.swift */,
			);
			path = Sources;
			sourceTree = "<group>";
		};
/* End PBXGroup section */

/* Begin PBXHeadersBuildPhase section */
		B69A2203D66A706272A28FD2 /* Headers */ = {
			isa = PBXHeadersBuildPhase;
			buildActionMask = 2147483647;
			files = (
				20F5546D437E1F6D4CC8F21D /* TKAddTorrentOptions.h in Headers */,
				636D8997351C5FAE5D490CE2 /* TKBuildInfo.h in Headers */,
				ACB8E8DE353D8A194047047F /* TKDefines.h in Headers */,
				63DA653487B2658A27C71F12 /* TKFileEntry.h in Headers */,
				14AA68F9F6BE721FDCD467A0 /* TKInternal.h in Headers */,
				BE68E68B11423D88BDADE90B /* TKJSONCoding.h in Headers */,
				2E06CBC83D266168EEE5B2EF /* TKPeer.h in Headers */,
				6549A4FA539F0EFA7507BA28 /* TKPieceMap.h in Headers */,
				8D68653254A592C19A571B61 /* TKSession.h in Headers */,
				0FEA537BDA5A4AE627C3AC2D /* TKSessionSettings.h in Headers */,
				2BBD41C71545CEF18598BFA6 /* TKSessionSnapshot.h in Headers */,
				B4EE20C3BEDB0518D2E14919 /* TKTorrentDetails.h in Headers */,
				DA6358EEA66586B0E60E6845 /* TKTorrentEvent.h in Headers */,
				3A11413BDBD47FEB3AE69FD0 /* TKTorrentPreview.h in Headers */,
				FFD6848DFA3B44BF594E8443 /* TKTorrentStatus.h in Headers */,
				043255875C47B30768049940 /* TKTracker.h in Headers */,
				CD984F0C741565FCB8875DFA /* TesseraKit.h in Headers */,
			);
			runOnlyForDeploymentPostprocessing = 0;
		};
/* End PBXHeadersBuildPhase section */

/* Begin PBXNativeTarget section */
		1056CAD578B9EB2BB757F1BB /* Tessera-macOS */ = {
			isa = PBXNativeTarget;
			buildConfigurationList = 3CFE66E42FEF84435E82F376 /* Build configuration list for PBXNativeTarget "Tessera-macOS" */;
			buildPhases = (
				B5A103551800D0295B854609 /* Sources */,
				8C52B94E9CE162EC4F65CC12 /* Resources */,
				B55BA6E7B5A1061516C5C84F /* Frameworks */,
				A97FDDCB436B0D9C60C42255 /* Embed Frameworks */,
			);
			buildRules = (
			);
			dependencies = (
				2D8934CCBB94D4576A552981 /* PBXTargetDependency */,
			);
			name = "Tessera-macOS";
			packageProductDependencies = (
				EE010281A86BE6003EB59AE5 /* TesseraUI */,
			);
			productName = "Tessera-macOS";
			productReference = BC340D950907F5E44E58BB56 /* Tessera-macOS.app */;
			productType = "com.apple.product-type.application";
		};
		32B446D2CD63A81316D1567D /* TesseraKitTests */ = {
			isa = PBXNativeTarget;
			buildConfigurationList = 2DBA3FD11E6BC85F4431B6ED /* Build configuration list for PBXNativeTarget "TesseraKitTests" */;
			buildPhases = (
				A667CDA90646111D4250A74C /* Sources */,
				7BA8C9D969154803C93F461F /* Frameworks */,
				D3260260E4C9717F85FB8A29 /* Embed Frameworks */,
			);
			buildRules = (
			);
			dependencies = (
				E29F0116F440F4F24C37E456 /* PBXTargetDependency */,
			);
			name = TesseraKitTests;
			packageProductDependencies = (
			);
			productName = TesseraKitTests;
			productReference = 8DEBD8300070B01B2F3910AF /* TesseraKitTests.xctest */;
			productType = "com.apple.product-type.bundle.unit-test";
		};
		479A39AB4E4E96FDD7D3E5D0 /* TesseraKit */ = {
			isa = PBXNativeTarget;
			buildConfigurationList = 10E0F9C026C3F63FD102DF91 /* Build configuration list for PBXNativeTarget "TesseraKit" */;
			buildPhases = (
				B69A2203D66A706272A28FD2 /* Headers */,
				95CBFCEB20C0E6F1472538E5 /* Sources */,
				652B293955DDE272C5DAC4F5 /* Frameworks */,
			);
			buildRules = (
			);
			dependencies = (
			);
			name = TesseraKit;
			packageProductDependencies = (
			);
			productName = TesseraKit;
			productReference = 6259B6FCA67EE4829D9A93CB /* TesseraKit.framework */;
			productType = "com.apple.product-type.framework";
		};
		4BE83877EC8A3901C54909D9 /* TesseraWidgets */ = {
			isa = PBXNativeTarget;
			buildConfigurationList = 6C434D8644856991671FB850 /* Build configuration list for PBXNativeTarget "TesseraWidgets" */;
			buildPhases = (
				C26A8A9743AD97218854AF51 /* Sources */,
				CB81920CE17A092949EF3D3E /* Frameworks */,
			);
			buildRules = (
			);
			dependencies = (
			);
			name = TesseraWidgets;
			packageProductDependencies = (
			);
			productName = TesseraWidgets;
			productReference = 8FF5FE896EC85DAFDCCBA4F5 /* TesseraWidgets.appex */;
			productType = "com.apple.product-type.app-extension";
		};
		7766C5CBC7C09A733CB0245E /* TesseraShare */ = {
			isa = PBXNativeTarget;
			buildConfigurationList = 4FF5A85A6CF5E686495F6466 /* Build configuration list for PBXNativeTarget "TesseraShare" */;
			buildPhases = (
				A12497CA28754E389A891B1C /* Sources */,
			);
			buildRules = (
			);
			dependencies = (
			);
			name = TesseraShare;
			packageProductDependencies = (
			);
			productName = TesseraShare;
			productReference = 58F346366CB8BEA746DB81D5 /* TesseraShare.appex */;
			productType = "com.apple.product-type.app-extension";
		};
		837BAADD4A6E86082B3DFB27 /* Tessera-iOS */ = {
			isa = PBXNativeTarget;
			buildConfigurationList = 911AD94BB26DCA351D6A6587 /* Build configuration list for PBXNativeTarget "Tessera-iOS" */;
			buildPhases = (
				A08837CA9FE42D1EDFE907E0 /* Sources */,
				D50AF411AD8A41EE1D727250 /* Resources */,
				D85015E2FE23A8A1B295D016 /* Frameworks */,
				2F73CD08257DD3124685F702 /* Embed Foundation Extensions */,
				EC3B2FAF37FB23D5C5E73979 /* Embed Frameworks */,
			);
			buildRules = (
			);
			dependencies = (
				C96D39CEA3A4B84ADE28F119 /* PBXTargetDependency */,
				B5EE188D90815729581F2FD4 /* PBXTargetDependency */,
				8A6CF49E44561455BC8509F5 /* PBXTargetDependency */,
			);
			name = "Tessera-iOS";
			packageProductDependencies = (
				51B4F255B9311DEE5CDD572C /* TesseraUI */,
			);
			productName = "Tessera-iOS";
			productReference = 70ED031D88E9710C76602000 /* Tessera-iOS.app */;
			productType = "com.apple.product-type.application";
		};
		99B130BC03E0C9C8D2CC4B65 /* tesseractl */ = {
			isa = PBXNativeTarget;
			buildConfigurationList = AAC3FB5164C0EBF3F4DF6346 /* Build configuration list for PBXNativeTarget "tesseractl" */;
			buildPhases = (
				09F86D63D4DEBAE33926A933 /* Sources */,
				3DE03631A769C04F1A98AC1F /* Frameworks */,
			);
			buildRules = (
			);
			dependencies = (
				55B97C48A96AB79A3883C45F /* PBXTargetDependency */,
			);
			name = tesseractl;
			packageProductDependencies = (
			);
			productName = tesseractl;
			productReference = B9DEF89A1F665F569FF2FDEE /* tesseractl */;
			productType = "com.apple.product-type.tool";
		};
		C4611E41621C8B925234CCE6 /* RemoteTests */ = {
			isa = PBXNativeTarget;
			buildConfigurationList = 854CE3AE2AC84F51A6B873B0 /* Build configuration list for PBXNativeTarget "RemoteTests" */;
			buildPhases = (
				96AA86E7F8CA987A21BB0838 /* Sources */,
				CA22664E3A4D61244B9AB80A /* Frameworks */,
				ECDCA777BB8BD145C390FC6E /* Embed Frameworks */,
			);
			buildRules = (
			);
			dependencies = (
				2559BB80841F5E26FD01FBB5 /* PBXTargetDependency */,
			);
			name = RemoteTests;
			packageProductDependencies = (
				674558E01FD0B906D9EB7E56 /* TesseraUI */,
			);
			productName = RemoteTests;
			productReference = 8319729F1514CBBF5691EA60 /* RemoteTests.xctest */;
			productType = "com.apple.product-type.bundle.unit-test";
		};
/* End PBXNativeTarget section */

/* Begin PBXProject section */
		333D216A6D8399D96BB6FDC7 /* Project object */ = {
			isa = PBXProject;
			attributes = {
				BuildIndependentTargetsInParallel = YES;
				LastUpgradeCheck = 1430;
				TargetAttributes = {
					1056CAD578B9EB2BB757F1BB = {
						DevelopmentTeam = YKB8PWS95C;
						ProvisioningStyle = Automatic;
					};
					32B446D2CD63A81316D1567D = {
						DevelopmentTeam = YKB8PWS95C;
						ProvisioningStyle = Automatic;
					};
					479A39AB4E4E96FDD7D3E5D0 = {
						DevelopmentTeam = YKB8PWS95C;
						ProvisioningStyle = Automatic;
					};
					4BE83877EC8A3901C54909D9 = {
						DevelopmentTeam = YKB8PWS95C;
						ProvisioningStyle = Automatic;
					};
					7766C5CBC7C09A733CB0245E = {
						DevelopmentTeam = YKB8PWS95C;
						ProvisioningStyle = Automatic;
					};
					837BAADD4A6E86082B3DFB27 = {
						DevelopmentTeam = YKB8PWS95C;
						ProvisioningStyle = Automatic;
					};
					99B130BC03E0C9C8D2CC4B65 = {
						DevelopmentTeam = YKB8PWS95C;
						ProvisioningStyle = Automatic;
					};
					C4611E41621C8B925234CCE6 = {
						DevelopmentTeam = YKB8PWS95C;
						ProvisioningStyle = Automatic;
					};
				};
			};
			buildConfigurationList = 128AE504440213CBAA04347F /* Build configuration list for PBXProject "Tessera" */;
			developmentRegion = en;
			hasScannedForEncodings = 0;
			knownRegions = (
				Base,
				en,
			);
			mainGroup = A722332B58F7EA10E8178269;
			minimizedProjectReferenceProxies = 1;
			packageReferences = (
				E1A5344DAD67654DB7DC832A /* XCLocalSwiftPackageReference "Packages/TesseraUI" */,
			);
			preferredProjectObjectVersion = 77;
			productRefGroup = 7CA4AF27E4E0E2E09B717289 /* Products */;
			projectDirPath = "";
			projectRoot = "";
			targets = (
				479A39AB4E4E96FDD7D3E5D0 /* TesseraKit */,
				99B130BC03E0C9C8D2CC4B65 /* tesseractl */,
				32B446D2CD63A81316D1567D /* TesseraKitTests */,
				1056CAD578B9EB2BB757F1BB /* Tessera-macOS */,
				837BAADD4A6E86082B3DFB27 /* Tessera-iOS */,
				7766C5CBC7C09A733CB0245E /* TesseraShare */,
				4BE83877EC8A3901C54909D9 /* TesseraWidgets */,
				C4611E41621C8B925234CCE6 /* RemoteTests */,
			);
		};
/* End PBXProject section */

/* Begin PBXResourcesBuildPhase section */
		8C52B94E9CE162EC4F65CC12 /* Resources */ = {
			isa = PBXResourcesBuildPhase;
			buildActionMask = 2147483647;
			files = (
				88BD55EB473F659FE326FF17 /* Assets.xcassets in Resources */,
			);
			runOnlyForDeploymentPostprocessing = 0;
		};
		D50AF411AD8A41EE1D727250 /* Resources */ = {
			isa = PBXResourcesBuildPhase;
			buildActionMask = 2147483647;
			files = (
				0E2F27C0CEBA24E48306FE2A /* Assets.xcassets in Resources */,
			);
			runOnlyForDeploymentPostprocessing = 0;
		};
/* End PBXResourcesBuildPhase section */

/* Begin PBXSourcesBuildPhase section */
		09F86D63D4DEBAE33926A933 /* Sources */ = {
			isa = PBXSourcesBuildPhase;
			buildActionMask = 2147483647;
			files = (
				2D2D5CADFF190257B9637A5F /* main.swift in Sources */,
			);
			runOnlyForDeploymentPostprocessing = 0;
		};
		95CBFCEB20C0E6F1472538E5 /* Sources */ = {
			isa = PBXSourcesBuildPhase;
			buildActionMask = 2147483647;
			files = (
				AA99923F377B260C4802CD57 /* TKBuildInfo.mm in Sources */,
				5691F8B577FD8F0C7945AEA3 /* TKInspection.mm in Sources */,
				C777A982FDBAA0933917C368 /* TKJSONCoding.mm in Sources */,
				0E3027923771675FF1C26907 /* TKModels.mm in Sources */,
				63D213FD5F55BC24B1D0D4CF /* TKSession.mm in Sources */,
				9E8C23D473DEDAFDBB9F654E /* TorrentSession+Streams.swift in Sources */,
			);
			runOnlyForDeploymentPostprocessing = 0;
		};
		96AA86E7F8CA987A21BB0838 /* Sources */ = {
			isa = PBXSourcesBuildPhase;
			buildActionMask = 2147483647;
			files = (
				713CB305D57ADFAB6BE9AB2F /* PairedPeers.swift in Sources */,
				CF0DA62DEC903F3A44BAE297 /* RemoteBackend.swift in Sources */,
				971A96644DEB682F94F614FA /* RemoteControlTests.swift in Sources */,
				ECED89759F1B1FBC7D864DB5 /* RemoteCrypto.swift in Sources */,
				8B7EEF00862C6EF49456C836 /* RemoteServer.swift in Sources */,
				E12EA549CBBEE214793321F3 /* TorrentBackend.swift in Sources */,
				31ABB975F57D1699297BF414 /* TorrentFixture.swift in Sources */,
				DCEEEE1B352B5803017FF259 /* WireConnection.swift in Sources */,
			);
			runOnlyForDeploymentPostprocessing = 0;
		};
		A08837CA9FE42D1EDFE907E0 /* Sources */ = {
			isa = PBXSourcesBuildPhase;
			buildActionMask = 2147483647;
			files = (
				F5769D2C3DFAADDB1DB861F9 /* AddTorrentViews.swift in Sources */,
				CEEDA21BD9D42AED08E06FD1 /* AppSettings.swift in Sources */,
				2DF5C17980E91D2F1A67F0E3 /* DownloadActivity.swift in Sources */,
				472BFE3E5626C23D488C0099 /* DownloadFolders.swift in Sources */,
				A49838C7ABBAD744A7E0FEC3 /* FileList.swift in Sources */,
				FFA6EF0EB839DE63E7DEC49E /* Formatting.swift in Sources */,
				D92DF0CF2B8CC192D771AE75 /* IOSAddSheet.swift in Sources */,
				43EA55FF230CC420D78E4468 /* IOSContentView.swift in Sources */,
				D4803E76A080120388B8C311 /* IOSSettingsView.swift in Sources */,
				555ADAAE35DB7DB6177D1AF9 /* Inbox.swift in Sources */,
				F5CE37E8A4D363C860C68BB4 /* LiveActivityController.swift in Sources */,
				3815978507170917F643C51D /* PairMacSheet.swift in Sources */,
				2C128122C88F4A10B5309947 /* PairedPeers.swift in Sources */,
				1F96949209973CC6ACD78957 /* PieceMapDemoView.swift in Sources */,
				F8C0DB4C2BB1B0AB23DEB9FA /* PieceMapFeed.swift in Sources */,
				6AE4580CBA3564BE5F835480 /* Poll.swift in Sources */,
				6564C0371C395B122C831229 /* RemoteBackend.swift in Sources */,
				D9E89BB41246D68269DBC0FE /* RemoteCrypto.swift in Sources */,
				29E480EDD7C86CE7E3D76F38 /* RemoteServer.swift in Sources */,
				C5B9F4B4CE6693C04900ABA2 /* TesseraiOSApp.swift in Sources */,
				A5593128366152EA99ECC7FC /* TorrentBackend.swift in Sources */,
				9A7D4B2D174982AF53CCEA80 /* TorrentDetailView.swift in Sources */,
				033E0FC647E2C46FD7A7D3BD /* TorrentRow.swift in Sources */,
				E394F51407C24D52BD24B89E /* TorrentStore.swift in Sources */,
				B663544E768EA31B2D9434E7 /* WireConnection.swift in Sources */,
			);
			runOnlyForDeploymentPostprocessing = 0;
		};
		A12497CA28754E389A891B1C /* Sources */ = {
			isa = PBXSourcesBuildPhase;
			buildActionMask = 2147483647;
			files = (
				5E15DBB14F888680F5B6C1FD /* Inbox.swift in Sources */,
				D927CF59769019BC0E7CF5D9 /* ShareViewController.swift in Sources */,
			);
			runOnlyForDeploymentPostprocessing = 0;
		};
		A667CDA90646111D4250A74C /* Sources */ = {
			isa = PBXSourcesBuildPhase;
			buildActionMask = 2147483647;
			files = (
				D047585174CA623A1AA0FCEF /* TorrentFixture.swift in Sources */,
				68827FF29E4213BFAA74A899 /* TorrentSessionTests.swift in Sources */,
			);
			runOnlyForDeploymentPostprocessing = 0;
		};
		B5A103551800D0295B854609 /* Sources */ = {
			isa = PBXSourcesBuildPhase;
			buildActionMask = 2147483647;
			files = (
				ECA017BA22CE2473D1544043 /* AddTorrentSheet.swift in Sources */,
				12D4082F9842F8C8F3E9E439 /* AddTorrentViews.swift in Sources */,
				4074C1AFC216BA4EB9010EC5 /* AppSettings.swift in Sources */,
				765EAD48B9F5DB930ADCBAE8 /* Commands.swift in Sources */,
				1E4491507BB54A2C9AAB7353 /* DetailsSplit.swift in Sources */,
				FCF41AF82641B129A6C8C64E /* DockProgress.swift in Sources */,
				0A04637FE592173ED8916B4B /* DownloadFolders.swift in Sources */,
				AB41F48F6C82569F2A941D23 /* FileList.swift in Sources */,
				EF77440227E1385C2AB38C12 /* Formatting.swift in Sources */,
				642C8DDEB23F0F8F02E73445 /* InspectorView.swift in Sources */,
				F5366B646AB02BBDBC257736 /* MainWindow.swift in Sources */,
				6E13BB64D7A5A82684E388C2 /* MenuBarContent.swift in Sources */,
				FD1152F574537EC1009C8640 /* PairedPeers.swift in Sources */,
				A4C1AC6FBAAAF29734D618CC /* PieceMapDemoView.swift in Sources */,
				69D2002EDD28B322C6A0B1C5 /* PieceMapFeed.swift in Sources */,
				30ADD35AAAEB6E323F367E68 /* Poll.swift in Sources */,
				0DE2BE065B9BD75E2626EF05 /* RemoteBackend.swift in Sources */,
				FF27A98B7DDA8A1738710E5A /* RemoteCrypto.swift in Sources */,
				7FBC718940EDB63289F6816E /* RemoteServer.swift in Sources */,
				2E625A88CCD78614274CA6D1 /* RemoteSettings.swift in Sources */,
				CB99095C263103C91BBAE29A /* SettingsView.swift in Sources */,
				35AFB72F3824DAB8CEF0F782 /* TesseraMacApp.swift in Sources */,
				337B57D9AB3DA537E47D036B /* TorrentBackend.swift in Sources */,
				9048145638D7F2B2EE26B5E9 /* TorrentRow.swift in Sources */,
				4BF54E83BFEBD7D9F8D4F15A /* TorrentStore.swift in Sources */,
				633419D7852820F603B313FC /* TorrentTable.swift in Sources */,
				8712E589F627587522FD50D3 /* WireConnection.swift in Sources */,
			);
			runOnlyForDeploymentPostprocessing = 0;
		};
		C26A8A9743AD97218854AF51 /* Sources */ = {
			isa = PBXSourcesBuildPhase;
			buildActionMask = 2147483647;
			files = (
				1329ACE876639737E32E2C87 /* DownloadActivity.swift in Sources */,
				2FE4E7619290B791AA620450 /* DownloadLiveActivity.swift in Sources */,
			);
			runOnlyForDeploymentPostprocessing = 0;
		};
/* End PBXSourcesBuildPhase section */

/* Begin PBXTargetDependency section */
		2559BB80841F5E26FD01FBB5 /* PBXTargetDependency */ = {
			isa = PBXTargetDependency;
			target = 479A39AB4E4E96FDD7D3E5D0 /* TesseraKit */;
			targetProxy = A01AF324C8FD2D39E1041C6D /* PBXContainerItemProxy */;
		};
		2D8934CCBB94D4576A552981 /* PBXTargetDependency */ = {
			isa = PBXTargetDependency;
			target = 479A39AB4E4E96FDD7D3E5D0 /* TesseraKit */;
			targetProxy = 0611F87CD532D645AD8BE559 /* PBXContainerItemProxy */;
		};
		55B97C48A96AB79A3883C45F /* PBXTargetDependency */ = {
			isa = PBXTargetDependency;
			target = 479A39AB4E4E96FDD7D3E5D0 /* TesseraKit */;
			targetProxy = 5C8C23E76E2DB4117B8C10FB /* PBXContainerItemProxy */;
		};
		8A6CF49E44561455BC8509F5 /* PBXTargetDependency */ = {
			isa = PBXTargetDependency;
			target = 4BE83877EC8A3901C54909D9 /* TesseraWidgets */;
			targetProxy = 691542B241EBE7A1DD2D4890 /* PBXContainerItemProxy */;
		};
		B5EE188D90815729581F2FD4 /* PBXTargetDependency */ = {
			isa = PBXTargetDependency;
			target = 7766C5CBC7C09A733CB0245E /* TesseraShare */;
			targetProxy = F702E0C0470BB67731517300 /* PBXContainerItemProxy */;
		};
		C96D39CEA3A4B84ADE28F119 /* PBXTargetDependency */ = {
			isa = PBXTargetDependency;
			target = 479A39AB4E4E96FDD7D3E5D0 /* TesseraKit */;
			targetProxy = 6F050A43EF6915266BB32AB2 /* PBXContainerItemProxy */;
		};
		E29F0116F440F4F24C37E456 /* PBXTargetDependency */ = {
			isa = PBXTargetDependency;
			target = 479A39AB4E4E96FDD7D3E5D0 /* TesseraKit */;
			targetProxy = 51C4E96E2124463EC0D5E6A7 /* PBXContainerItemProxy */;
		};
/* End PBXTargetDependency section */

/* Begin XCBuildConfiguration section */
		0D9B64E4603AB0E8E0D5B8DC /* Debug */ = {
			isa = XCBuildConfiguration;
			buildSettings = {
				ALWAYS_SEARCH_USER_PATHS = NO;
				CLANG_ANALYZER_NONNULL = YES;
				CLANG_ANALYZER_NUMBER_OBJECT_CONVERSION = YES_AGGRESSIVE;
				CLANG_CXX_LANGUAGE_STANDARD = "gnu++20";
				CLANG_CXX_LIBRARY = "libc++";
				CLANG_ENABLE_MODULES = YES;
				CLANG_ENABLE_OBJC_ARC = YES;
				CLANG_ENABLE_OBJC_WEAK = YES;
				CLANG_WARN_BLOCK_CAPTURE_AUTORELEASING = YES;
				CLANG_WARN_BOOL_CONVERSION = YES;
				CLANG_WARN_COMMA = YES;
				CLANG_WARN_CONSTANT_CONVERSION = YES;
				CLANG_WARN_DEPRECATED_OBJC_IMPLEMENTATIONS = YES;
				CLANG_WARN_DIRECT_OBJC_ISA_USAGE = YES_ERROR;
				CLANG_WARN_DOCUMENTATION_COMMENTS = YES;
				CLANG_WARN_EMPTY_BODY = YES;
				CLANG_WARN_ENUM_CONVERSION = YES;
				CLANG_WARN_INFINITE_RECURSION = YES;
				CLANG_WARN_INT_CONVERSION = YES;
				CLANG_WARN_NON_LITERAL_NULL_CONVERSION = YES;
				CLANG_WARN_OBJC_IMPLICIT_RETAIN_SELF = YES;
				CLANG_WARN_OBJC_LITERAL_CONVERSION = YES;
				CLANG_WARN_OBJC_ROOT_CLASS = YES_ERROR;
				CLANG_WARN_QUOTED_INCLUDE_IN_FRAMEWORK_HEADER = YES;
				CLANG_WARN_RANGE_LOOP_ANALYSIS = YES;
				CLANG_WARN_STRICT_PROTOTYPES = YES;
				CLANG_WARN_SUSPICIOUS_MOVE = YES;
				CLANG_WARN_UNGUARDED_AVAILABILITY = YES_AGGRESSIVE;
				CLANG_WARN_UNREACHABLE_CODE = YES;
				CLANG_WARN__DUPLICATE_METHOD_MATCH = YES;
				CODE_SIGN_STYLE = Automatic;
				COPY_PHASE_STRIP = NO;
				CURRENT_PROJECT_VERSION = 1;
				DEBUG_INFORMATION_FORMAT = dwarf;
				DEVELOPMENT_TEAM = YKB8PWS95C;
				ENABLE_STRICT_OBJC_MSGSEND = YES;
				ENABLE_TESTABILITY = YES;
				ENABLE_USER_SCRIPT_SANDBOXING = YES;
				GCC_C_LANGUAGE_STANDARD = gnu11;
				GCC_DYNAMIC_NO_PIC = NO;
				GCC_NO_COMMON_BLOCKS = YES;
				GCC_OPTIMIZATION_LEVEL = 0;
				GCC_PREPROCESSOR_DEFINITIONS = (
					"$(inherited)",
					"DEBUG=1",
				);
				GCC_WARN_64_TO_32_BIT_CONVERSION = YES;
				GCC_WARN_ABOUT_RETURN_TYPE = YES_ERROR;
				GCC_WARN_UNDECLARED_SELECTOR = YES;
				GCC_WARN_UNINITIALIZED_AUTOS = YES_AGGRESSIVE;
				GCC_WARN_UNUSED_FUNCTION = YES;
				GCC_WARN_UNUSED_VARIABLE = YES;
				IPHONEOS_DEPLOYMENT_TARGET = 26.0;
				LOCALIZATION_PREFERS_STRING_CATALOGS = YES;
				MACOSX_DEPLOYMENT_TARGET = 26.0;
				MARKETING_VERSION = 1.0;
				MTL_ENABLE_DEBUG_INFO = INCLUDE_SOURCE;
				MTL_FAST_MATH = YES;
				ONLY_ACTIVE_ARCH = YES;
				PRODUCT_NAME = "$(TARGET_NAME)";
				STRING_CATALOG_GENERATE_SYMBOLS = YES;
				SWIFT_ACTIVE_COMPILATION_CONDITIONS = DEBUG;
				SWIFT_APPROACHABLE_CONCURRENCY = YES;
				SWIFT_EMIT_LOC_STRINGS = YES;
				SWIFT_OPTIMIZATION_LEVEL = "-Onone";
				SWIFT_UPCOMING_FEATURE_MEMBER_IMPORT_VISIBILITY = YES;
				SWIFT_VERSION = 5.0;
			};
			name = Debug;
		};
		2348C086CFEE222B4960B573 /* Debug */ = {
			isa = XCBuildConfiguration;
			baseConfigurationReference = 9F5E45E79492FB0F587665A4 /* libtorrent.xcconfig */;
			buildSettings = {
				CLANG_ENABLE_MODULES = YES;
				CODE_SIGN_IDENTITY = "";
				CURRENT_PROJECT_VERSION = 1;
				DEFINES_MODULE = YES;
				DYLIB_COMPATIBILITY_VERSION = 1;
				DYLIB_CURRENT_VERSION = 1;
				DYLIB_INSTALL_NAME_BASE = "@rpath";
				FRAMEWORK_SEARCH_PATHS = (
					"$(inherited)",
					"\"Vendor\"",
				);
				GCC_SYMBOLS_PRIVATE_EXTERN = YES;
				GENERATE_INFOPLIST_FILE = YES;
				INSTALL_PATH = "$(LOCAL_LIBRARY_DIR)/Frameworks";
				LD_RUNPATH_SEARCH_PATHS = (
					"$(inherited)",
					"@executable_path/Frameworks",
				);
				PRODUCT_BUNDLE_IDENTIFIER = io.github.rishavjnv12.TesseraKit;
				PRODUCT_NAME = TesseraKit;
				SDKROOT = auto;
				SKIP_INSTALL = YES;
				SUPPORTED_PLATFORMS = "iphoneos iphonesimulator macosx";
				SUPPORTS_MACCATALYST = NO;
				SUPPORTS_MAC_DESIGNED_FOR_IPHONE_IPAD = NO;
				SUPPORTS_XR_DESIGNED_FOR_IPHONE_IPAD = YES;
				TARGETED_DEVICE_FAMILY = "1,2";
				VERSIONING_SYSTEM = "apple-generic";
			};
			name = Debug;
		};
		25107FABA4640D5D695A56A5 /* Debug */ = {
			isa = XCBuildConfiguration;
			buildSettings = {
				CODE_SIGN_ENTITLEMENTS = Extensions/Share/TesseraShare.entitlements;
				GENERATE_INFOPLIST_FILE = YES;
				INFOPLIST_FILE = Extensions/Share/Info.plist;
				INFOPLIST_KEY_CFBundleDisplayName = Tessera;
				LD_RUNPATH_SEARCH_PATHS = "$(inherited) @executable_path/Frameworks @executable_path/../../Frameworks";
				PRODUCT_BUNDLE_IDENTIFIER = io.github.rishavjnv12.Tessera.Share;
				PRODUCT_NAME = TesseraShare;
				SDKROOT = iphoneos;
				SKIP_INSTALL = YES;
				SWIFT_DEFAULT_ACTOR_ISOLATION = MainActor;
				TARGETED_DEVICE_FAMILY = "1,2";
			};
			name = Debug;
		};
		2E577D1B45DC5A8E7A64AB03 /* Release */ = {
			isa = XCBuildConfiguration;
			buildSettings = {
				ASSETCATALOG_COMPILER_APPICON_NAME = AppIcon;
				ASSETCATALOG_COMPILER_GLOBAL_ACCENT_COLOR_NAME = AccentColor;
				CODE_SIGN_ENTITLEMENTS = Apps/macOS/Tessera.entitlements;
				COMBINE_HIDPI_IMAGES = YES;
				ENABLE_HARDENED_RUNTIME = YES;
				ENABLE_PREVIEWS = YES;
				GENERATE_INFOPLIST_FILE = YES;
				INFOPLIST_FILE = Apps/macOS/Info.plist;
				INFOPLIST_KEY_CFBundleDisplayName = Tessera;
				INFOPLIST_KEY_LSApplicationCategoryType = "public.app-category.utilities";
				INFOPLIST_KEY_NSHumanReadableCopyright = "";
				INFOPLIST_KEY_NSUserNotificationsUsageDescription = "Tessera tells you when a download finishes.";
				LD_RUNPATH_SEARCH_PATHS = "$(inherited) @executable_path/../Frameworks";
				PRODUCT_BUNDLE_IDENTIFIER = io.github.rishavjnv12.Tessera;
				PRODUCT_NAME = Tessera;
				SDKROOT = macosx;
				SWIFT_DEFAULT_ACTOR_ISOLATION = MainActor;
			};
			name = Release;
		};
		4CCFF44B065656BEB6429BB2 /* Debug */ = {
			isa = XCBuildConfiguration;
			buildSettings = {
				BUNDLE_LOADER = "$(TEST_HOST)";
				COMBINE_HIDPI_IMAGES = YES;
				GENERATE_INFOPLIST_FILE = YES;
				LD_RUNPATH_SEARCH_PATHS = (
					"$(inherited)",
					"@executable_path/../Frameworks",
					"@loader_path/../Frameworks",
				);
				PRODUCT_BUNDLE_IDENTIFIER = io.github.rishavjnv12.RemoteTests;
				SDKROOT = macosx;
				SWIFT_DEFAULT_ACTOR_ISOLATION = MainActor;
			};
			name = Debug;
		};
		570A25BB764F80FE6146C419 /* Release */ = {
			isa = XCBuildConfiguration;
			buildSettings = {
				BUNDLE_LOADER = "$(TEST_HOST)";
				COMBINE_HIDPI_IMAGES = YES;
				GENERATE_INFOPLIST_FILE = YES;
				LD_RUNPATH_SEARCH_PATHS = (
					"$(inherited)",
					"@executable_path/../Frameworks",
					"@loader_path/../Frameworks",
				);
				PRODUCT_BUNDLE_IDENTIFIER = io.github.rishavjnv12.TesseraKitTests;
				SDKROOT = macosx;
			};
			name = Release;
		};
		67C8A1DC76C52E01F521DE09 /* Debug */ = {
			isa = XCBuildConfiguration;
			buildSettings = {
				GENERATE_INFOPLIST_FILE = YES;
				INFOPLIST_FILE = Extensions/Widgets/Info.plist;
				INFOPLIST_KEY_CFBundleDisplayName = Tessera;
				LD_RUNPATH_SEARCH_PATHS = "$(inherited) @executable_path/Frameworks @executable_path/../../Frameworks";
				PRODUCT_BUNDLE_IDENTIFIER = io.github.rishavjnv12.Tessera.Widgets;
				PRODUCT_NAME = TesseraWidgets;
				SDKROOT = iphoneos;
				SKIP_INSTALL = YES;
				SWIFT_DEFAULT_ACTOR_ISOLATION = MainActor;
				TARGETED_DEVICE_FAMILY = "1,2";
			};
			name = Debug;
		};
		8B3F0E4D24A7E09069DD0C0F /* Release */ = {
			isa = XCBuildConfiguration;
			buildSettings = {
				COMBINE_HIDPI_IMAGES = YES;
				LD_RUNPATH_SEARCH_PATHS = "$(inherited) @executable_path";
				PRODUCT_BUNDLE_IDENTIFIER = io.github.rishavjnv12.tesseractl;
				PRODUCT_NAME = tesseractl;
				SDKROOT = macosx;
			};
			name = Release;
		};
		970050246BEE8A9A7A5823DD /* Release */ = {
			isa = XCBuildConfiguration;
			baseConfigurationReference = 9F5E45E79492FB0F587665A4 /* libtorrent.xcconfig */;
			buildSettings = {
				CLANG_ENABLE_MODULES = YES;
				CODE_SIGN_IDENTITY = "";
				CURRENT_PROJECT_VERSION = 1;
				DEFINES_MODULE = YES;
				DYLIB_COMPATIBILITY_VERSION = 1;
				DYLIB_CURRENT_VERSION = 1;
				DYLIB_INSTALL_NAME_BASE = "@rpath";
				FRAMEWORK_SEARCH_PATHS = (
					"$(inherited)",
					"\"Vendor\"",
				);
				GCC_SYMBOLS_PRIVATE_EXTERN = YES;
				GENERATE_INFOPLIST_FILE = YES;
				INSTALL_PATH = "$(LOCAL_LIBRARY_DIR)/Frameworks";
				LD_RUNPATH_SEARCH_PATHS = (
					"$(inherited)",
					"@executable_path/Frameworks",
				);
				PRODUCT_BUNDLE_IDENTIFIER = io.github.rishavjnv12.TesseraKit;
				PRODUCT_NAME = TesseraKit;
				SDKROOT = auto;
				SKIP_INSTALL = YES;
				SUPPORTED_PLATFORMS = "iphoneos iphonesimulator macosx";
				SUPPORTS_MACCATALYST = NO;
				SUPPORTS_MAC_DESIGNED_FOR_IPHONE_IPAD = NO;
				SUPPORTS_XR_DESIGNED_FOR_IPHONE_IPAD = YES;
				TARGETED_DEVICE_FAMILY = "1,2";
				VERSIONING_SYSTEM = "apple-generic";
			};
			name = Release;
		};
		9AC6D6C5B2D360CCAA14D103 /* Release */ = {
			isa = XCBuildConfiguration;
			buildSettings = {
				CODE_SIGN_ENTITLEMENTS = Extensions/Share/TesseraShare.entitlements;
				GENERATE_INFOPLIST_FILE = YES;
				INFOPLIST_FILE = Extensions/Share/Info.plist;
				INFOPLIST_KEY_CFBundleDisplayName = Tessera;
				LD_RUNPATH_SEARCH_PATHS = "$(inherited) @executable_path/Frameworks @executable_path/../../Frameworks";
				PRODUCT_BUNDLE_IDENTIFIER = io.github.rishavjnv12.Tessera.Share;
				PRODUCT_NAME = TesseraShare;
				SDKROOT = iphoneos;
				SKIP_INSTALL = YES;
				SWIFT_DEFAULT_ACTOR_ISOLATION = MainActor;
				TARGETED_DEVICE_FAMILY = "1,2";
			};
			name = Release;
		};
		A8465E891FEA3E3820B48CF3 /* Debug */ = {
			isa = XCBuildConfiguration;
			buildSettings = {
				BUNDLE_LOADER = "$(TEST_HOST)";
				COMBINE_HIDPI_IMAGES = YES;
				GENERATE_INFOPLIST_FILE = YES;
				LD_RUNPATH_SEARCH_PATHS = (
					"$(inherited)",
					"@executable_path/../Frameworks",
					"@loader_path/../Frameworks",
				);
				PRODUCT_BUNDLE_IDENTIFIER = io.github.rishavjnv12.TesseraKitTests;
				SDKROOT = macosx;
			};
			name = Debug;
		};
		AA89E3FDD7BA0134BD9B67A5 /* Debug */ = {
			isa = XCBuildConfiguration;
			buildSettings = {
				COMBINE_HIDPI_IMAGES = YES;
				LD_RUNPATH_SEARCH_PATHS = "$(inherited) @executable_path";
				PRODUCT_BUNDLE_IDENTIFIER = io.github.rishavjnv12.tesseractl;
				PRODUCT_NAME = tesseractl;
				SDKROOT = macosx;
			};
			name = Debug;
		};
		AEE67C916FD1C070D21024C3 /* Debug */ = {
			isa = XCBuildConfiguration;
			buildSettings = {
				ASSETCATALOG_COMPILER_APPICON_NAME = AppIcon;
				ASSETCATALOG_COMPILER_GLOBAL_ACCENT_COLOR_NAME = AccentColor;
				CODE_SIGN_ENTITLEMENTS = Apps/macOS/Tessera.entitlements;
				COMBINE_HIDPI_IMAGES = YES;
				ENABLE_HARDENED_RUNTIME = YES;
				ENABLE_PREVIEWS = YES;
				GENERATE_INFOPLIST_FILE = YES;
				INFOPLIST_FILE = Apps/macOS/Info.plist;
				INFOPLIST_KEY_CFBundleDisplayName = Tessera;
				INFOPLIST_KEY_LSApplicationCategoryType = "public.app-category.utilities";
				INFOPLIST_KEY_NSHumanReadableCopyright = "";
				INFOPLIST_KEY_NSUserNotificationsUsageDescription = "Tessera tells you when a download finishes.";
				LD_RUNPATH_SEARCH_PATHS = "$(inherited) @executable_path/../Frameworks";
				PRODUCT_BUNDLE_IDENTIFIER = io.github.rishavjnv12.Tessera;
				PRODUCT_NAME = Tessera;
				SDKROOT = macosx;
				SWIFT_DEFAULT_ACTOR_ISOLATION = MainActor;
			};
			name = Debug;
		};
		BA98DF66844CAF2B255224E4 /* Debug */ = {
			isa = XCBuildConfiguration;
			buildSettings = {
				ASSETCATALOG_COMPILER_APPICON_NAME = AppIcon;
				ASSETCATALOG_COMPILER_GLOBAL_ACCENT_COLOR_NAME = AccentColor;
				CODE_SIGN_ENTITLEMENTS = Apps/iOS/Tessera.entitlements;
				CODE_SIGN_IDENTITY = "iPhone Developer";
				ENABLE_PREVIEWS = YES;
				GENERATE_INFOPLIST_FILE = YES;
				INFOPLIST_FILE = Apps/iOS/Info.plist;
				INFOPLIST_KEY_CFBundleDisplayName = Tessera;
				INFOPLIST_KEY_LSSupportsOpeningDocumentsInPlace = YES;
				INFOPLIST_KEY_NSLocalNetworkUsageDescription = "Tessera finds your Mac to control its downloads, and talks to your router so peers can connect to you.";
				INFOPLIST_KEY_UIApplicationSceneManifest_Generation = YES;
				INFOPLIST_KEY_UIApplicationSupportsIndirectInputEvents = YES;
				INFOPLIST_KEY_UIFileSharingEnabled = YES;
				INFOPLIST_KEY_UILaunchScreen_Generation = YES;
				INFOPLIST_KEY_UISupportedInterfaceOrientations_iPad = "UIInterfaceOrientationPortrait UIInterfaceOrientationPortraitUpsideDown UIInterfaceOrientationLandscapeLeft UIInterfaceOrientationLandscapeRight";
				INFOPLIST_KEY_UISupportedInterfaceOrientations_iPhone = "UIInterfaceOrientationPortrait UIInterfaceOrientationLandscapeLeft UIInterfaceOrientationLandscapeRight";
				LD_RUNPATH_SEARCH_PATHS = "$(inherited) @executable_path/Frameworks";
				PRODUCT_BUNDLE_IDENTIFIER = io.github.rishavjnv12.Tessera;
				PRODUCT_NAME = Tessera;
				SDKROOT = iphoneos;
				SWIFT_DEFAULT_ACTOR_ISOLATION = MainActor;
				TARGETED_DEVICE_FAMILY = "1,2";
			};
			name = Debug;
		};
		D4A0518DF2445DF958D9284C /* Release */ = {
			isa = XCBuildConfiguration;
			buildSettings = {
				BUNDLE_LOADER = "$(TEST_HOST)";
				COMBINE_HIDPI_IMAGES = YES;
				GENERATE_INFOPLIST_FILE = YES;
				LD_RUNPATH_SEARCH_PATHS = (
					"$(inherited)",
					"@executable_path/../Frameworks",
					"@loader_path/../Frameworks",
				);
				PRODUCT_BUNDLE_IDENTIFIER = io.github.rishavjnv12.RemoteTests;
				SDKROOT = macosx;
				SWIFT_DEFAULT_ACTOR_ISOLATION = MainActor;
			};
			name = Release;
		};
		D4E05380B71DE06FC4787D30 /* Release */ = {
			isa = XCBuildConfiguration;
			buildSettings = {
				ASSETCATALOG_COMPILER_APPICON_NAME = AppIcon;
				ASSETCATALOG_COMPILER_GLOBAL_ACCENT_COLOR_NAME = AccentColor;
				CODE_SIGN_ENTITLEMENTS = Apps/iOS/Tessera.entitlements;
				CODE_SIGN_IDENTITY = "iPhone Developer";
				ENABLE_PREVIEWS = YES;
				GENERATE_INFOPLIST_FILE = YES;
				INFOPLIST_FILE = Apps/iOS/Info.plist;
				INFOPLIST_KEY_CFBundleDisplayName = Tessera;
				INFOPLIST_KEY_LSSupportsOpeningDocumentsInPlace = YES;
				INFOPLIST_KEY_NSLocalNetworkUsageDescription = "Tessera finds your Mac to control its downloads, and talks to your router so peers can connect to you.";
				INFOPLIST_KEY_UIApplicationSceneManifest_Generation = YES;
				INFOPLIST_KEY_UIApplicationSupportsIndirectInputEvents = YES;
				INFOPLIST_KEY_UIFileSharingEnabled = YES;
				INFOPLIST_KEY_UILaunchScreen_Generation = YES;
				INFOPLIST_KEY_UISupportedInterfaceOrientations_iPad = "UIInterfaceOrientationPortrait UIInterfaceOrientationPortraitUpsideDown UIInterfaceOrientationLandscapeLeft UIInterfaceOrientationLandscapeRight";
				INFOPLIST_KEY_UISupportedInterfaceOrientations_iPhone = "UIInterfaceOrientationPortrait UIInterfaceOrientationLandscapeLeft UIInterfaceOrientationLandscapeRight";
				LD_RUNPATH_SEARCH_PATHS = "$(inherited) @executable_path/Frameworks";
				PRODUCT_BUNDLE_IDENTIFIER = io.github.rishavjnv12.Tessera;
				PRODUCT_NAME = Tessera;
				SDKROOT = iphoneos;
				SWIFT_DEFAULT_ACTOR_ISOLATION = MainActor;
				TARGETED_DEVICE_FAMILY = "1,2";
			};
			name = Release;
		};
		D5AD07989C2FC28BAD6F2451 /* Release */ = {
			isa = XCBuildConfiguration;
			buildSettings = {
				ALWAYS_SEARCH_USER_PATHS = NO;
				CLANG_ANALYZER_NONNULL = YES;
				CLANG_ANALYZER_NUMBER_OBJECT_CONVERSION = YES_AGGRESSIVE;
				CLANG_CXX_LANGUAGE_STANDARD = "gnu++20";
				CLANG_CXX_LIBRARY = "libc++";
				CLANG_ENABLE_MODULES = YES;
				CLANG_ENABLE_OBJC_ARC = YES;
				CLANG_ENABLE_OBJC_WEAK = YES;
				CLANG_WARN_BLOCK_CAPTURE_AUTORELEASING = YES;
				CLANG_WARN_BOOL_CONVERSION = YES;
				CLANG_WARN_COMMA = YES;
				CLANG_WARN_CONSTANT_CONVERSION = YES;
				CLANG_WARN_DEPRECATED_OBJC_IMPLEMENTATIONS = YES;
				CLANG_WARN_DIRECT_OBJC_ISA_USAGE = YES_ERROR;
				CLANG_WARN_DOCUMENTATION_COMMENTS = YES;
				CLANG_WARN_EMPTY_BODY = YES;
				CLANG_WARN_ENUM_CONVERSION = YES;
				CLANG_WARN_INFINITE_RECURSION = YES;
				CLANG_WARN_INT_CONVERSION = YES;
				CLANG_WARN_NON_LITERAL_NULL_CONVERSION = YES;
				CLANG_WARN_OBJC_IMPLICIT_RETAIN_SELF = YES;
				CLANG_WARN_OBJC_LITERAL_CONVERSION = YES;
				CLANG_WARN_OBJC_ROOT_CLASS = YES_ERROR;
				CLANG_WARN_QUOTED_INCLUDE_IN_FRAMEWORK_HEADER = YES;
				CLANG_WARN_RANGE_LOOP_ANALYSIS = YES;
				CLANG_WARN_STRICT_PROTOTYPES = YES;
				CLANG_WARN_SUSPICIOUS_MOVE = YES;
				CLANG_WARN_UNGUARDED_AVAILABILITY = YES_AGGRESSIVE;
				CLANG_WARN_UNREACHABLE_CODE = YES;
				CLANG_WARN__DUPLICATE_METHOD_MATCH = YES;
				CODE_SIGN_STYLE = Automatic;
				COPY_PHASE_STRIP = NO;
				CURRENT_PROJECT_VERSION = 1;
				DEBUG_INFORMATION_FORMAT = "dwarf-with-dsym";
				DEVELOPMENT_TEAM = YKB8PWS95C;
				ENABLE_NS_ASSERTIONS = NO;
				ENABLE_STRICT_OBJC_MSGSEND = YES;
				ENABLE_USER_SCRIPT_SANDBOXING = YES;
				GCC_C_LANGUAGE_STANDARD = gnu11;
				GCC_NO_COMMON_BLOCKS = YES;
				GCC_WARN_64_TO_32_BIT_CONVERSION = YES;
				GCC_WARN_ABOUT_RETURN_TYPE = YES_ERROR;
				GCC_WARN_UNDECLARED_SELECTOR = YES;
				GCC_WARN_UNINITIALIZED_AUTOS = YES_AGGRESSIVE;
				GCC_WARN_UNUSED_FUNCTION = YES;
				GCC_WARN_UNUSED_VARIABLE = YES;
				IPHONEOS_DEPLOYMENT_TARGET = 26.0;
				LOCALIZATION_PREFERS_STRING_CATALOGS = YES;
				MACOSX_DEPLOYMENT_TARGET = 26.0;
				MARKETING_VERSION = 1.0;
				MTL_ENABLE_DEBUG_INFO = NO;
				MTL_FAST_MATH = YES;
				PRODUCT_NAME = "$(TARGET_NAME)";
				STRING_CATALOG_GENERATE_SYMBOLS = YES;
				SWIFT_APPROACHABLE_CONCURRENCY = YES;
				SWIFT_COMPILATION_MODE = wholemodule;
				SWIFT_EMIT_LOC_STRINGS = YES;
				SWIFT_OPTIMIZATION_LEVEL = "-O";
				SWIFT_UPCOMING_FEATURE_MEMBER_IMPORT_VISIBILITY = YES;
				SWIFT_VERSION = 5.0;
			};
			name = Release;
		};
		E08650283C1B2A40E1D9EF9B /* Release */ = {
			isa = XCBuildConfiguration;
			buildSettings = {
				GENERATE_INFOPLIST_FILE = YES;
				INFOPLIST_FILE = Extensions/Widgets/Info.plist;
				INFOPLIST_KEY_CFBundleDisplayName = Tessera;
				LD_RUNPATH_SEARCH_PATHS = "$(inherited) @executable_path/Frameworks @executable_path/../../Frameworks";
				PRODUCT_BUNDLE_IDENTIFIER = io.github.rishavjnv12.Tessera.Widgets;
				PRODUCT_NAME = TesseraWidgets;
				SDKROOT = iphoneos;
				SKIP_INSTALL = YES;
				SWIFT_DEFAULT_ACTOR_ISOLATION = MainActor;
				TARGETED_DEVICE_FAMILY = "1,2";
			};
			name = Release;
		};
/* End XCBuildConfiguration section */

/* Begin XCConfigurationList section */
		10E0F9C026C3F63FD102DF91 /* Build configuration list for PBXNativeTarget "TesseraKit" */ = {
			isa = XCConfigurationList;
			buildConfigurations = (
				2348C086CFEE222B4960B573 /* Debug */,
				970050246BEE8A9A7A5823DD /* Release */,
			);
			defaultConfigurationIsVisible = 0;
			defaultConfigurationName = Debug;
		};
		128AE504440213CBAA04347F /* Build configuration list for PBXProject "Tessera" */ = {
			isa = XCConfigurationList;
			buildConfigurations = (
				0D9B64E4603AB0E8E0D5B8DC /* Debug */,
				D5AD07989C2FC28BAD6F2451 /* Release */,
			);
			defaultConfigurationIsVisible = 0;
			defaultConfigurationName = Debug;
		};
		2DBA3FD11E6BC85F4431B6ED /* Build configuration list for PBXNativeTarget "TesseraKitTests" */ = {
			isa = XCConfigurationList;
			buildConfigurations = (
				A8465E891FEA3E3820B48CF3 /* Debug */,
				570A25BB764F80FE6146C419 /* Release */,
			);
			defaultConfigurationIsVisible = 0;
			defaultConfigurationName = Debug;
		};
		3CFE66E42FEF84435E82F376 /* Build configuration list for PBXNativeTarget "Tessera-macOS" */ = {
			isa = XCConfigurationList;
			buildConfigurations = (
				AEE67C916FD1C070D21024C3 /* Debug */,
				2E577D1B45DC5A8E7A64AB03 /* Release */,
			);
			defaultConfigurationIsVisible = 0;
			defaultConfigurationName = Debug;
		};
		4FF5A85A6CF5E686495F6466 /* Build configuration list for PBXNativeTarget "TesseraShare" */ = {
			isa = XCConfigurationList;
			buildConfigurations = (
				25107FABA4640D5D695A56A5 /* Debug */,
				9AC6D6C5B2D360CCAA14D103 /* Release */,
			);
			defaultConfigurationIsVisible = 0;
			defaultConfigurationName = Debug;
		};
		6C434D8644856991671FB850 /* Build configuration list for PBXNativeTarget "TesseraWidgets" */ = {
			isa = XCConfigurationList;
			buildConfigurations = (
				67C8A1DC76C52E01F521DE09 /* Debug */,
				E08650283C1B2A40E1D9EF9B /* Release */,
			);
			defaultConfigurationIsVisible = 0;
			defaultConfigurationName = Debug;
		};
		854CE3AE2AC84F51A6B873B0 /* Build configuration list for PBXNativeTarget "RemoteTests" */ = {
			isa = XCConfigurationList;
			buildConfigurations = (
				4CCFF44B065656BEB6429BB2 /* Debug */,
				D4A0518DF2445DF958D9284C /* Release */,
			);
			defaultConfigurationIsVisible = 0;
			defaultConfigurationName = Debug;
		};
		911AD94BB26DCA351D6A6587 /* Build configuration list for PBXNativeTarget "Tessera-iOS" */ = {
			isa = XCConfigurationList;
			buildConfigurations = (
				BA98DF66844CAF2B255224E4 /* Debug */,
				D4E05380B71DE06FC4787D30 /* Release */,
			);
			defaultConfigurationIsVisible = 0;
			defaultConfigurationName = Debug;
		};
		AAC3FB5164C0EBF3F4DF6346 /* Build configuration list for PBXNativeTarget "tesseractl" */ = {
			isa = XCConfigurationList;
			buildConfigurations = (
				AA89E3FDD7BA0134BD9B67A5 /* Debug */,
				8B3F0E4D24A7E09069DD0C0F /* Release */,
			);
			defaultConfigurationIsVisible = 0;
			defaultConfigurationName = Debug;
		};
/* End XCConfigurationList section */

/* Begin XCLocalSwiftPackageReference section */
		E1A5344DAD67654DB7DC832A /* XCLocalSwiftPackageReference "Packages/TesseraUI" */ = {
			isa = XCLocalSwiftPackageReference;
			relativePath = Packages/TesseraUI;
		};
/* End XCLocalSwiftPackageReference section */

/* Begin XCSwiftPackageProductDependency section */
		51B4F255B9311DEE5CDD572C /* TesseraUI */ = {
			isa = XCSwiftPackageProductDependency;
			productName = TesseraUI;
		};
		674558E01FD0B906D9EB7E56 /* TesseraUI */ = {
			isa = XCSwiftPackageProductDependency;
			productName = TesseraUI;
		};
		EE010281A86BE6003EB59AE5 /* TesseraUI */ = {
			isa = XCSwiftPackageProductDependency;
			productName = TesseraUI;
		};
/* End XCSwiftPackageProductDependency section */
	};
	rootObject = 333D216A6D8399D96BB6FDC7 /* Project object */;
}
